// !$*UTF8*$!
{
	archiveVersion = 1;
	classes = {
	};
	objectVersion = 50;
	objects = {

/* Begin PBXBuildFile section */
		AD0042DF2107350B0057AA83 /* LoadingView.swift in Sources */ = {isa = PBXBuildFile; fileRef = AD0042DE2107350B0057AA83 /* LoadingView.swift */; };
		AD1449F121055CDA00E0BFAE /* TimelineCell.swift in Sources */ = {isa = PBXBuildFile; fileRef = AD1449F021055CDA00E0BFAE /* TimelineCell.swift */; };
		AD2BFF812105C5BC00187D05 /* TweetDateConverter.swift in Sources */ = {isa = PBXBuildFile; fileRef = AD2BFF802105C5BC00187D05 /* TweetDateConverter.swift */; };
		AD2BFF852105C71D00187D05 /* Localizable.strings in Resources */ = {isa = PBXBuildFile; fileRef = AD2BFF872105C71D00187D05 /* Localizable.strings */; };
		AD5CBE952104195E00F32701 /* AppDelegate.swift in Sources */ = {isa = PBXBuildFile; fileRef = AD5CBE942104195E00F32701 /* AppDelegate.swift */; };
		AD5CBE972104195E00F32701 /* TimelineViewController.swift in Sources */ = {isa = PBXBuildFile; fileRef = AD5CBE962104195E00F32701 /* TimelineViewController.swift */; };
		AD5CBE9C2104196200F32701 /* Assets.xcassets in Resources */ = {isa = PBXBuildFile; fileRef = AD5CBE9B2104196200F32701 /* Assets.xcassets */; };
		AD5CBE9F2104196200F32701 /* LaunchScreen.storyboard in Resources */ = {isa = PBXBuildFile; fileRef = AD5CBE9D2104196200F32701 /* LaunchScreen.storyboard */; };
		AD5CBEAA2104196200F32701 /* iOSDCRCTests.swift in Sources */ = {isa = PBXBuildFile; fileRef = AD5CBEA92104196200F32701 /* iOSDCRCTests.swift */; };
		AD5CBEB52104196200F32701 /* iOSDCRCUITests.swift in Sources */ = {isa = PBXBuildFile; fileRef = AD5CBEB42104196200F32701 /* iOSDCRCUITests.swift */; };
		AD5CBEC821041C5600F32701 /* Constants.swift in Sources */ = {isa = PBXBuildFile; fileRef = AD5CBEC721041C5600F32701 /* Constants.swift */; };
		AD5CBEDA2104431A00F32701 /* API.framework in Frameworks */ = {isa = PBXBuildFile; fileRef = AD5CBED12104431900F32701 /* API.framework */; };
		AD5CBEE12104431A00F32701 /* APITests.swift in Sources */ = {isa = PBXBuildFile; fileRef = AD5CBEE02104431A00F32701 /* APITests.swift */; };
		AD5CBEE32104431A00F32701 /* API.h in Headers */ = {isa = PBXBuildFile; fileRef = AD5CBED32104431900F32701 /* API.h */; settings = {ATTRIBUTES = (Public, ); }; };
		AD5CBEE62104431A00F32701 /* API.framework in Frameworks */ = {isa = PBXBuildFile; fileRef = AD5CBED12104431900F32701 /* API.framework */; };
		AD5CBEE82104431A00F32701 /* API.framework in Embed Frameworks */ = {isa = PBXBuildFile; fileRef = AD5CBED12104431900F32701 /* API.framework */; settings = {ATTRIBUTES = (CodeSignOnCopy, RemoveHeadersOnCopy, ); }; };
		AD5CBEF52104432900F32701 /* ContentType.swift in Sources */ = {isa = PBXBuildFile; fileRef = AD5CBEEF2104432900F32701 /* ContentType.swift */; };
		AD5CBEF62104432900F32701 /* Request.swift in Sources */ = {isa = PBXBuildFile; fileRef = AD5CBEF02104432900F32701 /* Request.swift */; };
		AD5CBEF72104432900F32701 /* QueryStringsBuilder.swift in Sources */ = {isa = PBXBuildFile; fileRef = AD5CBEF12104432900F32701 /* QueryStringsBuilder.swift */; };
		AD5CBEF82104432900F32701 /* Session.swift in Sources */ = {isa = PBXBuildFile; fileRef = AD5CBEF22104432900F32701 /* Session.swift */; };
		AD5CBEF92104432900F32701 /* HTTPMethod.swift in Sources */ = {isa = PBXBuildFile; fileRef = AD5CBEF32104432900F32701 /* HTTPMethod.swift */; };
		AD5CBEFA2104432900F32701 /* Task.swift in Sources */ = {isa = PBXBuildFile; fileRef = AD5CBEF42104432900F32701 /* Task.swift */; };
		AD5CBF1F2104439E00F32701 /* Twitter.swift in Sources */ = {isa = PBXBuildFile; fileRef = AD5CBF1E2104439E00F32701 /* Twitter.swift */; };
		AD65BB362106AD6E007BE9AF /* ImageLoader.swift in Sources */ = {isa = PBXBuildFile; fileRef = AD65BB352106AD6E007BE9AF /* ImageLoader.swift */; };
		AD65BB382106ADD6007BE9AF /* Cancellable.swift in Sources */ = {isa = PBXBuildFile; fileRef = AD65BB372106ADD6007BE9AF /* Cancellable.swift */; };
		AD6B2A1A21056C95001B6C4E /* NSLayoutConstraint+Extensions.swift in Sources */ = {isa = PBXBuildFile; fileRef = AD6B2A1921056C95001B6C4E /* NSLayoutConstraint+Extensions.swift */; };
		AD908658210AA0C400CD35BB /* about.json in Resources */ = {isa = PBXBuildFile; fileRef = AD908657210AA0C400CD35BB /* about.json */; };
		AD90865C210AA11A00CD35BB /* AboutEntity.swift in Sources */ = {isa = PBXBuildFile; fileRef = AD90865B210AA11A00CD35BB /* AboutEntity.swift */; };
		AD90865E210AA22A00CD35BB /* AboutInteractor.swift in Sources */ = {isa = PBXBuildFile; fileRef = AD90865D210AA22A00CD35BB /* AboutInteractor.swift */; };
		AD908662210AA25500CD35BB /* RootInterfaces.swift in Sources */ = {isa = PBXBuildFile; fileRef = AD908661210AA25500CD35BB /* RootInterfaces.swift */; };
		AD908665210AA2A100CD35BB /* TimelineInterfaces.swift in Sources */ = {isa = PBXBuildFile; fileRef = AD908664210AA2A100CD35BB /* TimelineInterfaces.swift */; };
		AD908668210AA2ED00CD35BB /* TimetableInterfaces.swift in Sources */ = {isa = PBXBuildFile; fileRef = AD908667210AA2ED00CD35BB /* TimetableInterfaces.swift */; };
		AD90866B210AA32E00CD35BB /* AboutInterfaces.swift in Sources */ = {isa = PBXBuildFile; fileRef = AD90866A210AA32E00CD35BB /* AboutInterfaces.swift */; };
		AD90866E210AA46500CD35BB /* AboutPresenter.swift in Sources */ = {isa = PBXBuildFile; fileRef = AD90866D210AA46500CD35BB /* AboutPresenter.swift */; };
		AD908670210AA4F000CD35BB /* AboutSections.swift in Sources */ = {isa = PBXBuildFile; fileRef = AD90866F210AA4F000CD35BB /* AboutSections.swift */; };
		AD908672210AA84300CD35BB /* AboutCell.swift in Sources */ = {isa = PBXBuildFile; fileRef = AD908671210AA84300CD35BB /* AboutCell.swift */; };
		AD908678210AA96C00CD35BB /* AboutSectionHeaderView.swift in Sources */ = {isa = PBXBuildFile; fileRef = AD908677210AA96C00CD35BB /* AboutSectionHeaderView.swift */; };
		ADCC638F210957FB008481EC /* AboutViewController.swift in Sources */ = {isa = PBXBuildFile; fileRef = ADCC638E210957FB008481EC /* AboutViewController.swift */; };
		ADCC63992109595B008481EC /* UIColor+rc.swift in Sources */ = {isa = PBXBuildFile; fileRef = ADCC63982109595B008481EC /* UIColor+rc.swift */; };
		ADDAD31E21044EC300B1153E /* TimelineInteractor.swift in Sources */ = {isa = PBXBuildFile; fileRef = ADDAD31D21044EC300B1153E /* TimelineInteractor.swift */; };
		ADDAD32121044F7B00B1153E /* TimelinePresenter.swift in Sources */ = {isa = PBXBuildFile; fileRef = ADDAD32021044F7B00B1153E /* TimelinePresenter.swift */; };
		ADDAD3232104511400B1153E /* TwitterRequest+Token.swift in Sources */ = {isa = PBXBuildFile; fileRef = ADDAD3222104511400B1153E /* TwitterRequest+Token.swift */; };
		ADDAD32921045E3300B1153E /* TwitterRequest+Search.swift in Sources */ = {isa = PBXBuildFile; fileRef = ADDAD32821045E3300B1153E /* TwitterRequest+Search.swift */; };
		ADDAD32D21045EDB00B1153E /* TwitterResponse+Token.swift in Sources */ = {isa = PBXBuildFile; fileRef = ADDAD32C21045EDB00B1153E /* TwitterResponse+Token.swift */; };
		ADDAD32F21045F3100B1153E /* TwitterResponse+User.swift in Sources */ = {isa = PBXBuildFile; fileRef = ADDAD32E21045F3100B1153E /* TwitterResponse+User.swift */; };
		ADDAD33121045F8500B1153E /* TwitterResponse+Status.swift in Sources */ = {isa = PBXBuildFile; fileRef = ADDAD33021045F8500B1153E /* TwitterResponse+Status.swift */; };
		ADDAD33A21047B3600B1153E /* RootViewController.swift in Sources */ = {isa = PBXBuildFile; fileRef = ADDAD33921047B3600B1153E /* RootViewController.swift */; };
		ADDAD33E210483F700B1153E /* UIView+Extensions.swift in Sources */ = {isa = PBXBuildFile; fileRef = ADDAD33D210483F700B1153E /* UIView+Extensions.swift */; };
		ADDAD3412104851100B1153E /* RootLogoView.swift in Sources */ = {isa = PBXBuildFile; fileRef = ADDAD3402104851100B1153E /* RootLogoView.swift */; };
		ADDAD3472104876F00B1153E /* RootWireframe.swift in Sources */ = {isa = PBXBuildFile; fileRef = ADDAD3462104876F00B1153E /* RootWireframe.swift */; };
		ADDAD349210487DF00B1153E /* RootEntity.swift in Sources */ = {isa = PBXBuildFile; fileRef = ADDAD348210487DF00B1153E /* RootEntity.swift */; };
		ADDAD34B2104890600B1153E /* RootPresenter.swift in Sources */ = {isa = PBXBuildFile; fileRef = ADDAD34A2104890600B1153E /* RootPresenter.swift */; };
		ADDAD34D2104892000B1153E /* RootInteractor.swift in Sources */ = {isa = PBXBuildFile; fileRef = ADDAD34C2104892000B1153E /* RootInteractor.swift */; };
		ADDAD35D21048E0100B1153E /* TimetableView.framework in Frameworks */ = {isa = PBXBuildFile; fileRef = ADDAD35421048E0000B1153E /* TimetableView.framework */; };
		ADDAD36421048E0100B1153E /* TimetableViewTests.swift in Sources */ = {isa = PBXBuildFile; fileRef = ADDAD36321048E0100B1153E /* TimetableViewTests.swift */; };
		ADDAD36621048E0100B1153E /* TimetableView.h in Headers */ = {isa = PBXBuildFile; fileRef = ADDAD35621048E0100B1153E /* TimetableView.h */; settings = {ATTRIBUTES = (Public, ); }; };
		ADDAD36921048E0100B1153E /* TimetableView.framework in Frameworks */ = {isa = PBXBuildFile; fileRef = ADDAD35421048E0000B1153E /* TimetableView.framework */; };
		ADDAD36A21048E0100B1153E /* TimetableView.framework in Embed Frameworks */ = {isa = PBXBuildFile; fileRef = ADDAD35421048E0000B1153E /* TimetableView.framework */; settings = {ATTRIBUTES = (CodeSignOnCopy, RemoveHeadersOnCopy, ); }; };
		ADDAD37621048E7300B1153E /* TimetableViewConfiguration.swift in Sources */ = {isa = PBXBuildFile; fileRef = ADDAD37121048E7200B1153E /* TimetableViewConfiguration.swift */; };
		ADDAD37721048E7300B1153E /* TimetableViewDataSource.swift in Sources */ = {isa = PBXBuildFile; fileRef = ADDAD37221048E7200B1153E /* TimetableViewDataSource.swift */; };
		ADDAD37821048E7300B1153E /* TimetableViewItem.swift in Sources */ = {isa = PBXBuildFile; fileRef = ADDAD37321048E7200B1153E /* TimetableViewItem.swift */; };
		ADDAD37921048E7300B1153E /* TimetableViewLayout.swift in Sources */ = {isa = PBXBuildFile; fileRef = ADDAD37421048E7200B1153E /* TimetableViewLayout.swift */; };
		ADDAD37A21048E7300B1153E /* TimetableView.swift in Sources */ = {isa = PBXBuildFile; fileRef = ADDAD37521048E7300B1153E /* TimetableView.swift */; };
		ADDAD37E21049D4900B1153E /* TimesScrollView.swift in Sources */ = {isa = PBXBuildFile; fileRef = ADDAD37B21049D4800B1153E /* TimesScrollView.swift */; };
		ADDAD37F21049D4900B1153E /* TracksScrollView.swift in Sources */ = {isa = PBXBuildFile; fileRef = ADDAD37C21049D4800B1153E /* TracksScrollView.swift */; };
		ADDAD38021049D4900B1153E /* TimetableCell.swift in Sources */ = {isa = PBXBuildFile; fileRef = ADDAD37D21049D4800B1153E /* TimetableCell.swift */; };
		ADDAD38321049DA600B1153E /* Reusable.swift in Sources */ = {isa = PBXBuildFile; fileRef = ADDAD38221049DA600B1153E /* Reusable.swift */; };
		ADDAD38521049DBD00B1153E /* Date+Extensions.swift in Sources */ = {isa = PBXBuildFile; fileRef = ADDAD38421049DBD00B1153E /* Date+Extensions.swift */; };
		ADDAD38821049DFC00B1153E /* TimetableEntity.swift in Sources */ = {isa = PBXBuildFile; fileRef = ADDAD38721049DFC00B1153E /* TimetableEntity.swift */; };
		ADDAD38A2104A9F700B1153E /* TimetableViewController.swift in Sources */ = {isa = PBXBuildFile; fileRef = ADDAD3892104A9F700B1153E /* TimetableViewController.swift */; };
		ADDAD38F2104AEBE00B1153E /* TimetablePresenter.swift in Sources */ = {isa = PBXBuildFile; fileRef = ADDAD38E2104AEBE00B1153E /* TimetablePresenter.swift */; };
		ADDAD3912104AEC500B1153E /* TimetableInteractor.swift in Sources */ = {isa = PBXBuildFile; fileRef = ADDAD3902104AEC500B1153E /* TimetableInteractor.swift */; };
		ADDAD3932104AEF300B1153E /* iosdcrc.json in Resources */ = {isa = PBXBuildFile; fileRef = ADDAD3922104AEF200B1153E /* iosdcrc.json */; };
/* End PBXBuildFile section */

/* Begin PBXContainerItemProxy section */
		AD5CBEA62104196200F32701 /* PBXContainerItemProxy */ = {
			isa = PBXContainerItemProxy;
			containerPortal = AD5CBE892104195E00F32701 /* Project object */;
			proxyType = 1;
			remoteGlobalIDString = AD5CBE902104195E00F32701;
			remoteInfo = iOSDCRC;
		};
		AD5CBEB12104196200F32701 /* PBXContainerItemProxy */ = {
			isa = PBXContainerItemProxy;
			containerPortal = AD5CBE892104195E00F32701 /* Project object */;
			proxyType = 1;
			remoteGlobalIDString = AD5CBE902104195E00F32701;
			remoteInfo = iOSDCRC;
		};
		AD5CBEDB2104431A00F32701 /* PBXContainerItemProxy */ = {
			isa = PBXContainerItemProxy;
			containerPortal = AD5CBE892104195E00F32701 /* Project object */;
			proxyType = 1;
			remoteGlobalIDString = AD5CBED02104431900F32701;
			remoteInfo = API;
		};
		AD5CBEDD2104431A00F32701 /* PBXContainerItemProxy */ = {
			isa = PBXContainerItemProxy;
			containerPortal = AD5CBE892104195E00F32701 /* Project object */;
			proxyType = 1;
			remoteGlobalIDString = AD5CBE902104195E00F32701;
			remoteInfo = iOSDCRC;
		};
		AD5CBEE42104431A00F32701 /* PBXContainerItemProxy */ = {
			isa = PBXContainerItemProxy;
			containerPortal = AD5CBE892104195E00F32701 /* Project object */;
			proxyType = 1;
			remoteGlobalIDString = AD5CBED02104431900F32701;
			remoteInfo = API;
		};
		ADDAD35E21048E0100B1153E /* PBXContainerItemProxy */ = {
			isa = PBXContainerItemProxy;
			containerPortal = AD5CBE892104195E00F32701 /* Project object */;
			proxyType = 1;
			remoteGlobalIDString = ADDAD35321048E0000B1153E;
			remoteInfo = TimetableView;
		};
		ADDAD36021048E0100B1153E /* PBXContainerItemProxy */ = {
			isa = PBXContainerItemProxy;
			containerPortal = AD5CBE892104195E00F32701 /* Project object */;
			proxyType = 1;
			remoteGlobalIDString = AD5CBE902104195E00F32701;
			remoteInfo = iOSDCRC;
		};
		ADDAD36721048E0100B1153E /* PBXContainerItemProxy */ = {
			isa = PBXContainerItemProxy;
			containerPortal = AD5CBE892104195E00F32701 /* Project object */;
			proxyType = 1;
			remoteGlobalIDString = ADDAD35321048E0000B1153E;
			remoteInfo = TimetableView;
		};
/* End PBXContainerItemProxy section */

/* Begin PBXCopyFilesBuildPhase section */
		AD5CBEE72104431A00F32701 /* Embed Frameworks */ = {
			isa = PBXCopyFilesBuildPhase;
			buildActionMask = 2147483647;
			dstPath = "";
			dstSubfolderSpec = 10;
			files = (
				AD5CBEE82104431A00F32701 /* API.framework in Embed Frameworks */,
				ADDAD36A21048E0100B1153E /* TimetableView.framework in Embed Frameworks */,
			);
			name = "Embed Frameworks";
			runOnlyForDeploymentPostprocessing = 0;
		};
/* End PBXCopyFilesBuildPhase section */

/* Begin PBXFileReference section */
		AD0042DE2107350B0057AA83 /* LoadingView.swift */ = {isa = PBXFileReference; lastKnownFileType = sourcecode.swift; path = LoadingView.swift; sourceTree = "<group>"; };
		AD1449F021055CDA00E0BFAE /* TimelineCell.swift */ = {isa = PBXFileReference; lastKnownFileType = sourcecode.swift; path = TimelineCell.swift; sourceTree = "<group>"; };
		AD2BFF802105C5BC00187D05 /* TweetDateConverter.swift */ = {isa = PBXFileReference; lastKnownFileType = sourcecode.swift; path = TweetDateConverter.swift; sourceTree = "<group>"; };
		AD2BFF862105C71D00187D05 /* en */ = {isa = PBXFileReference; lastKnownFileType = text.plist.strings; name = en; path = en.lproj/Localizable.strings; sourceTree = "<group>"; };
		AD2BFF882105C72700187D05 /* ja */ = {isa = PBXFileReference; lastKnownFileType = text.plist.strings; name = ja; path = ja.lproj/Localizable.strings; sourceTree = "<group>"; };
		AD5CBE912104195E00F32701 /* iOSDCRC.app */ = {isa = PBXFileReference; explicitFileType = wrapper.application; includeInIndex = 0; path = iOSDCRC.app; sourceTree = BUILT_PRODUCTS_DIR; };
		AD5CBE942104195E00F32701 /* AppDelegate.swift */ = {isa = PBXFileReference; lastKnownFileType = sourcecode.swift; path = AppDelegate.swift; sourceTree = "<group>"; };
		AD5CBE962104195E00F32701 /* TimelineViewController.swift */ = {isa = PBXFileReference; lastKnownFileType = sourcecode.swift; path = TimelineViewController.swift; sourceTree = "<group>"; };
		AD5CBE9B2104196200F32701 /* Assets.xcassets */ = {isa = PBXFileReference; lastKnownFileType = folder.assetcatalog; path = Assets.xcassets; sourceTree = "<group>"; };
		AD5CBE9E2104196200F32701 /* Base */ = {isa = PBXFileReference; lastKnownFileType = file.storyboard; name = Base; path = Base.lproj/LaunchScreen.storyboard; sourceTree = "<group>"; };
		AD5CBEA02104196200F32701 /* Info.plist */ = {isa = PBXFileReference; lastKnownFileType = text.plist.xml; path = Info.plist; sourceTree = "<group>"; };
		AD5CBEA52104196200F32701 /* iOSDCRCTests.xctest */ = {isa = PBXFileReference; explicitFileType = wrapper.cfbundle; includeInIndex = 0; path = iOSDCRCTests.xctest; sourceTree = BUILT_PRODUCTS_DIR; };
		AD5CBEA92104196200F32701 /* iOSDCRCTests.swift */ = {isa = PBXFileReference; lastKnownFileType = sourcecode.swift; path = iOSDCRCTests.swift; sourceTree = "<group>"; };
		AD5CBEAB2104196200F32701 /* Info.plist */ = {isa = PBXFileReference; lastKnownFileType = text.plist.xml; path = Info.plist; sourceTree = "<group>"; };
		AD5CBEB02104196200F32701 /* iOSDCRCUITests.xctest */ = {isa = PBXFileReference; explicitFileType = wrapper.cfbundle; includeInIndex = 0; path = iOSDCRCUITests.xctest; sourceTree = BUILT_PRODUCTS_DIR; };
		AD5CBEB42104196200F32701 /* iOSDCRCUITests.swift */ = {isa = PBXFileReference; lastKnownFileType = sourcecode.swift; path = iOSDCRCUITests.swift; sourceTree = "<group>"; };
		AD5CBEB62104196200F32701 /* Info.plist */ = {isa = PBXFileReference; lastKnownFileType = text.plist.xml; path = Info.plist; sourceTree = "<group>"; };
		AD5CBEC421041AF100F32701 /* HashKit.framework */ = {isa = PBXFileReference; lastKnownFileType = wrapper.framework; name = HashKit.framework; path = Carthage/Build/iOS/HashKit.framework; sourceTree = "<group>"; };
		AD5CBEC721041C5600F32701 /* Constants.swift */ = {isa = PBXFileReference; lastKnownFileType = sourcecode.swift; path = Constants.swift; sourceTree = "<group>"; };
		AD5CBED12104431900F32701 /* API.framework */ = {isa = PBXFileReference; explicitFileType = wrapper.framework; includeInIndex = 0; path = API.framework; sourceTree = BUILT_PRODUCTS_DIR; };
		AD5CBED32104431900F32701 /* API.h */ = {isa = PBXFileReference; lastKnownFileType = sourcecode.c.h; path = API.h; sourceTree = "<group>"; };
		AD5CBED42104431900F32701 /* Info.plist */ = {isa = PBXFileReference; lastKnownFileType = text.plist.xml; path = Info.plist; sourceTree = "<group>"; };
		AD5CBED92104431900F32701 /* APITests.xctest */ = {isa = PBXFileReference; explicitFileType = wrapper.cfbundle; includeInIndex = 0; path = APITests.xctest; sourceTree = BUILT_PRODUCTS_DIR; };
		AD5CBEE02104431A00F32701 /* APITests.swift */ = {isa = PBXFileReference; lastKnownFileType = sourcecode.swift; path = APITests.swift; sourceTree = "<group>"; };
		AD5CBEE22104431A00F32701 /* Info.plist */ = {isa = PBXFileReference; lastKnownFileType = text.plist.xml; path = Info.plist; sourceTree = "<group>"; };
		AD5CBEEF2104432900F32701 /* ContentType.swift */ = {isa = PBXFileReference; fileEncoding = 4; lastKnownFileType = sourcecode.swift; path = ContentType.swift; sourceTree = "<group>"; };
		AD5CBEF02104432900F32701 /* Request.swift */ = {isa = PBXFileReference; fileEncoding = 4; lastKnownFileType = sourcecode.swift; path = Request.swift; sourceTree = "<group>"; };
		AD5CBEF12104432900F32701 /* QueryStringsBuilder.swift */ = {isa = PBXFileReference; fileEncoding = 4; lastKnownFileType = sourcecode.swift; path = QueryStringsBuilder.swift; sourceTree = "<group>"; };
		AD5CBEF22104432900F32701 /* Session.swift */ = {isa = PBXFileReference; fileEncoding = 4; lastKnownFileType = sourcecode.swift; path = Session.swift; sourceTree = "<group>"; };
		AD5CBEF32104432900F32701 /* HTTPMethod.swift */ = {isa = PBXFileReference; fileEncoding = 4; lastKnownFileType = sourcecode.swift; path = HTTPMethod.swift; sourceTree = "<group>"; };
		AD5CBEF42104432900F32701 /* Task.swift */ = {isa = PBXFileReference; fileEncoding = 4; lastKnownFileType = sourcecode.swift; path = Task.swift; sourceTree = "<group>"; };
		AD5CBF1E2104439E00F32701 /* Twitter.swift */ = {isa = PBXFileReference; lastKnownFileType = sourcecode.swift; path = Twitter.swift; sourceTree = "<group>"; };
		AD65BB352106AD6E007BE9AF /* ImageLoader.swift */ = {isa = PBXFileReference; lastKnownFileType = sourcecode.swift; path = ImageLoader.swift; sourceTree = "<group>"; };
		AD65BB372106ADD6007BE9AF /* Cancellable.swift */ = {isa = PBXFileReference; lastKnownFileType = sourcecode.swift; path = Cancellable.swift; sourceTree = "<group>"; };
		AD6B2A1921056C95001B6C4E /* NSLayoutConstraint+Extensions.swift */ = {isa = PBXFileReference; lastKnownFileType = sourcecode.swift; path = "NSLayoutConstraint+Extensions.swift"; sourceTree = "<group>"; };
		AD908657210AA0C400CD35BB /* about.json */ = {isa = PBXFileReference; fileEncoding = 4; lastKnownFileType = text.json; path = about.json; sourceTree = "<group>"; };
		AD90865B210AA11A00CD35BB /* AboutEntity.swift */ = {isa = PBXFileReference; lastKnownFileType = sourcecode.swift; path = AboutEntity.swift; sourceTree = "<group>"; };
		AD90865D210AA22A00CD35BB /* AboutInteractor.swift */ = {isa = PBXFileReference; lastKnownFileType = sourcecode.swift; path = AboutInteractor.swift; sourceTree = "<group>"; };
		AD908661210AA25500CD35BB /* RootInterfaces.swift */ = {isa = PBXFileReference; lastKnownFileType = sourcecode.swift; path = RootInterfaces.swift; sourceTree = "<group>"; };
		AD908664210AA2A100CD35BB /* TimelineInterfaces.swift */ = {isa = PBXFileReference; lastKnownFileType = sourcecode.swift; path = TimelineInterfaces.swift; sourceTree = "<group>"; };
		AD908667210AA2ED00CD35BB /* TimetableInterfaces.swift */ = {isa = PBXFileReference; lastKnownFileType = sourcecode.swift; path = TimetableInterfaces.swift; sourceTree = "<group>"; };
		AD90866A210AA32E00CD35BB /* AboutInterfaces.swift */ = {isa = PBXFileReference; lastKnownFileType = sourcecode.swift; path = AboutInterfaces.swift; sourceTree = "<group>"; };
		AD90866D210AA46500CD35BB /* AboutPresenter.swift */ = {isa = PBXFileReference; lastKnownFileType = sourcecode.swift; path = AboutPresenter.swift; sourceTree = "<group>"; };
		AD90866F210AA4F000CD35BB /* AboutSections.swift */ = {isa = PBXFileReference; lastKnownFileType = sourcecode.swift; path = AboutSections.swift; sourceTree = "<group>"; };
		AD908671210AA84300CD35BB /* AboutCell.swift */ = {isa = PBXFileReference; lastKnownFileType = sourcecode.swift; path = AboutCell.swift; sourceTree = "<group>"; };
		AD908677210AA96C00CD35BB /* AboutSectionHeaderView.swift */ = {isa = PBXFileReference; lastKnownFileType = sourcecode.swift; path = AboutSectionHeaderView.swift; sourceTree = "<group>"; };
		ADCC638E210957FB008481EC /* AboutViewController.swift */ = {isa = PBXFileReference; lastKnownFileType = sourcecode.swift; path = AboutViewController.swift; sourceTree = "<group>"; };
		ADCC63982109595B008481EC /* UIColor+rc.swift */ = {isa = PBXFileReference; lastKnownFileType = sourcecode.swift; path = "UIColor+rc.swift"; sourceTree = "<group>"; };
		ADDAD31D21044EC300B1153E /* TimelineInteractor.swift */ = {isa = PBXFileReference; lastKnownFileType = sourcecode.swift; path = TimelineInteractor.swift; sourceTree = "<group>"; };
		ADDAD32021044F7B00B1153E /* TimelinePresenter.swift */ = {isa = PBXFileReference; lastKnownFileType = sourcecode.swift; path = TimelinePresenter.swift; sourceTree = "<group>"; };
		ADDAD3222104511400B1153E /* TwitterRequest+Token.swift */ = {isa = PBXFileReference; lastKnownFileType = sourcecode.swift; path = "TwitterRequest+Token.swift"; sourceTree = "<group>"; };
		ADDAD32821045E3300B1153E /* TwitterRequest+Search.swift */ = {isa = PBXFileReference; lastKnownFileType = sourcecode.swift; path = "TwitterRequest+Search.swift"; sourceTree = "<group>"; };
		ADDAD32C21045EDB00B1153E /* TwitterResponse+Token.swift */ = {isa = PBXFileReference; lastKnownFileType = sourcecode.swift; path = "TwitterResponse+Token.swift"; sourceTree = "<group>"; };
		ADDAD32E21045F3100B1153E /* TwitterResponse+User.swift */ = {isa = PBXFileReference; lastKnownFileType = sourcecode.swift; path = "TwitterResponse+User.swift"; sourceTree = "<group>"; };
		ADDAD33021045F8500B1153E /* TwitterResponse+Status.swift */ = {isa = PBXFileReference; lastKnownFileType = sourcecode.swift; path = "TwitterResponse+Status.swift"; sourceTree = "<group>"; };
		ADDAD33921047B3600B1153E /* RootViewController.swift */ = {isa = PBXFileReference; lastKnownFileType = sourcecode.swift; path = RootViewController.swift; sourceTree = "<group>"; };
		ADDAD33D210483F700B1153E /* UIView+Extensions.swift */ = {isa = PBXFileReference; lastKnownFileType = sourcecode.swift; path = "UIView+Extensions.swift"; sourceTree = "<group>"; };
		ADDAD3402104851100B1153E /* RootLogoView.swift */ = {isa = PBXFileReference; lastKnownFileType = sourcecode.swift; path = RootLogoView.swift; sourceTree = "<group>"; };
		ADDAD3462104876F00B1153E /* RootWireframe.swift */ = {isa = PBXFileReference; lastKnownFileType = sourcecode.swift; path = RootWireframe.swift; sourceTree = "<group>"; };
		ADDAD348210487DF00B1153E /* RootEntity.swift */ = {isa = PBXFileReference; lastKnownFileType = sourcecode.swift; path = RootEntity.swift; sourceTree = "<group>"; };
		ADDAD34A2104890600B1153E /* RootPresenter.swift */ = {isa = PBXFileReference; lastKnownFileType = sourcecode.swift; path = RootPresenter.swift; sourceTree = "<group>"; };
		ADDAD34C2104892000B1153E /* RootInteractor.swift */ = {isa = PBXFileReference; lastKnownFileType = sourcecode.swift; path = RootInteractor.swift; sourceTree = "<group>"; };
		ADDAD35421048E0000B1153E /* TimetableView.framework */ = {isa = PBXFileReference; explicitFileType = wrapper.framework; includeInIndex = 0; path = TimetableView.framework; sourceTree = BUILT_PRODUCTS_DIR; };
		ADDAD35621048E0100B1153E /* TimetableView.h */ = {isa = PBXFileReference; lastKnownFileType = sourcecode.c.h; path = TimetableView.h; sourceTree = "<group>"; };
		ADDAD35721048E0100B1153E /* Info.plist */ = {isa = PBXFileReference; lastKnownFileType = text.plist.xml; path = Info.plist; sourceTree = "<group>"; };
		ADDAD35C21048E0100B1153E /* TimetableViewTests.xctest */ = {isa = PBXFileReference; explicitFileType = wrapper.cfbundle; includeInIndex = 0; path = TimetableViewTests.xctest; sourceTree = BUILT_PRODUCTS_DIR; };
		ADDAD36321048E0100B1153E /* TimetableViewTests.swift */ = {isa = PBXFileReference; lastKnownFileType = sourcecode.swift; path = TimetableViewTests.swift; sourceTree = "<group>"; };
		ADDAD36521048E0100B1153E /* Info.plist */ = {isa = PBXFileReference; lastKnownFileType = text.plist.xml; path = Info.plist; sourceTree = "<group>"; };
		ADDAD37121048E7200B1153E /* TimetableViewConfiguration.swift */ = {isa = PBXFileReference; fileEncoding = 4; lastKnownFileType = sourcecode.swift; path = TimetableViewConfiguration.swift; sourceTree = "<group>"; };
		ADDAD37221048E7200B1153E /* TimetableViewDataSource.swift */ = {isa = PBXFileReference; fileEncoding = 4; lastKnownFileType = sourcecode.swift; path = TimetableViewDataSource.swift; sourceTree = "<group>"; };
		ADDAD37321048E7200B1153E /* TimetableViewItem.swift */ = {isa = PBXFileReference; fileEncoding = 4; lastKnownFileType = sourcecode.swift; path = TimetableViewItem.swift; sourceTree = "<group>"; };
		ADDAD37421048E7200B1153E /* TimetableViewLayout.swift */ = {isa = PBXFileReference; fileEncoding = 4; lastKnownFileType = sourcecode.swift; path = TimetableViewLayout.swift; sourceTree = "<group>"; };
		ADDAD37521048E7300B1153E /* TimetableView.swift */ = {isa = PBXFileReference; fileEncoding = 4; lastKnownFileType = sourcecode.swift; path = TimetableView.swift; sourceTree = "<group>"; };
		ADDAD37B21049D4800B1153E /* TimesScrollView.swift */ = {isa = PBXFileReference; fileEncoding = 4; lastKnownFileType = sourcecode.swift; path = TimesScrollView.swift; sourceTree = "<group>"; };
		ADDAD37C21049D4800B1153E /* TracksScrollView.swift */ = {isa = PBXFileReference; fileEncoding = 4; lastKnownFileType = sourcecode.swift; path = TracksScrollView.swift; sourceTree = "<group>"; };
		ADDAD37D21049D4800B1153E /* TimetableCell.swift */ = {isa = PBXFileReference; fileEncoding = 4; lastKnownFileType = sourcecode.swift; path = TimetableCell.swift; sourceTree = "<group>"; };
		ADDAD38221049DA600B1153E /* Reusable.swift */ = {isa = PBXFileReference; lastKnownFileType = sourcecode.swift; path = Reusable.swift; sourceTree = "<group>"; };
		ADDAD38421049DBD00B1153E /* Date+Extensions.swift */ = {isa = PBXFileReference; lastKnownFileType = sourcecode.swift; path = "Date+Extensions.swift"; sourceTree = "<group>"; };
		ADDAD38721049DFC00B1153E /* TimetableEntity.swift */ = {isa = PBXFileReference; lastKnownFileType = sourcecode.swift; path = TimetableEntity.swift; sourceTree = "<group>"; };
		ADDAD3892104A9F700B1153E /* TimetableViewController.swift */ = {isa = PBXFileReference; lastKnownFileType = sourcecode.swift; path = TimetableViewController.swift; sourceTree = "<group>"; };
		ADDAD38E2104AEBE00B1153E /* TimetablePresenter.swift */ = {isa = PBXFileReference; lastKnownFileType = sourcecode.swift; path = TimetablePresenter.swift; sourceTree = "<group>"; };
		ADDAD3902104AEC500B1153E /* TimetableInteractor.swift */ = {isa = PBXFileReference; lastKnownFileType = sourcecode.swift; path = TimetableInteractor.swift; sourceTree = "<group>"; };
		ADDAD3922104AEF200B1153E /* iosdcrc.json */ = {isa = PBXFileReference; fileEncoding = 4; lastKnownFileType = text.json; path = iosdcrc.json; sourceTree = "<group>"; };
/* End PBXFileReference section */

/* Begin PBXFrameworksBuildPhase section */
		AD5CBE8E2104195E00F32701 /* Frameworks */ = {
			isa = PBXFrameworksBuildPhase;
			buildActionMask = 2147483647;
			files = (
				AD5CBEE62104431A00F32701 /* API.framework in Frameworks */,
				ADDAD36921048E0100B1153E /* TimetableView.framework in Frameworks */,
			);
			runOnlyForDeploymentPostprocessing = 0;
		};
		AD5CBEA22104196200F32701 /* Frameworks */ = {
			isa = PBXFrameworksBuildPhase;
			buildActionMask = 2147483647;
			files = (
			);
			runOnlyForDeploymentPostprocessing = 0;
		};
		AD5CBEAD2104196200F32701 /* Frameworks */ = {
			isa = PBXFrameworksBuildPhase;
			buildActionMask = 2147483647;
			files = (
			);
			runOnlyForDeploymentPostprocessing = 0;
		};
		AD5CBECD2104431900F32701 /* Frameworks */ = {
			isa = PBXFrameworksBuildPhase;
			buildActionMask = 2147483647;
			files = (
			);
			runOnlyForDeploymentPostprocessing = 0;
		};
		AD5CBED62104431900F32701 /* Frameworks */ = {
			isa = PBXFrameworksBuildPhase;
			buildActionMask = 2147483647;
			files = (
				AD5CBEDA2104431A00F32701 /* API.framework in Frameworks */,
			);
			runOnlyForDeploymentPostprocessing = 0;
		};
		ADDAD35021048E0000B1153E /* Frameworks */ = {
			isa = PBXFrameworksBuildPhase;
			buildActionMask = 2147483647;
			files = (
			);
			runOnlyForDeploymentPostprocessing = 0;
		};
		ADDAD35921048E0100B1153E /* Frameworks */ = {
			isa = PBXFrameworksBuildPhase;
			buildActionMask = 2147483647;
			files = (
				ADDAD35D21048E0100B1153E /* TimetableView.framework in Frameworks */,
			);
			runOnlyForDeploymentPostprocessing = 0;
		};
/* End PBXFrameworksBuildPhase section */

/* Begin PBXGroup section */
		AD0042DD210734F50057AA83 /* Views */ = {
			isa = PBXGroup;
			children = (
				ADCC639721095927008481EC /* Atomic */,
				AD0042DE2107350B0057AA83 /* LoadingView.swift */,
			);
			path = Views;
			sourceTree = "<group>";
		};
		AD2BFF822105C6F100187D05 /* Localizations */ = {
			isa = PBXGroup;
			children = (
				AD2BFF872105C71D00187D05 /* Localizable.strings */,
			);
			path = Localizations;
			sourceTree = "<group>";
		};
		AD5CBE882104195E00F32701 = {
			isa = PBXGroup;
			children = (
				AD5CBE932104195E00F32701 /* iOSDCRC */,
				AD5CBEA82104196200F32701 /* iOSDCRCTests */,
				AD5CBEB32104196200F32701 /* iOSDCRCUITests */,
				AD5CBED22104431900F32701 /* API */,
				AD5CBEDF2104431A00F32701 /* APITests */,
				ADDAD35521048E0100B1153E /* TimetableView */,
				ADDAD36221048E0100B1153E /* TimetableViewTests */,
				AD5CBE922104195E00F32701 /* Products */,
				AD5CBEC321041AF000F32701 /* Frameworks */,
			);
			sourceTree = "<group>";
		};
		AD5CBE922104195E00F32701 /* Products */ = {
			isa = PBXGroup;
			children = (
				AD5CBE912104195E00F32701 /* iOSDCRC.app */,
				AD5CBEA52104196200F32701 /* iOSDCRCTests.xctest */,
				AD5CBEB02104196200F32701 /* iOSDCRCUITests.xctest */,
				AD5CBED12104431900F32701 /* API.framework */,
				AD5CBED92104431900F32701 /* APITests.xctest */,
				ADDAD35421048E0000B1153E /* TimetableView.framework */,
				ADDAD35C21048E0100B1153E /* TimetableViewTests.xctest */,
			);
			name = Products;
			sourceTree = "<group>";
		};
		AD5CBE932104195E00F32701 /* iOSDCRC */ = {
			isa = PBXGroup;
			children = (
				AD65BB342106AD4F007BE9AF /* Supports */,
				ADDAD38B2104ACBC00B1153E /* Resources */,
				ADDAD33C2104838300B1153E /* Extensions */,
				AD5CBEC621041C4500F32701 /* Constants */,
				AD5CBEC92104428100F32701 /* API */,
				AD0042DD210734F50057AA83 /* Views */,
				ADDAD31A21044E6300B1153E /* ViewControllers */,
				AD5CBE942104195E00F32701 /* AppDelegate.swift */,
				AD5CBE9B2104196200F32701 /* Assets.xcassets */,
				AD5CBE9D2104196200F32701 /* LaunchScreen.storyboard */,
				AD5CBEA02104196200F32701 /* Info.plist */,
			);
			path = iOSDCRC;
			sourceTree = "<group>";
		};
		AD5CBEA82104196200F32701 /* iOSDCRCTests */ = {
			isa = PBXGroup;
			children = (
				AD5CBEA92104196200F32701 /* iOSDCRCTests.swift */,
				AD5CBEAB2104196200F32701 /* Info.plist */,
			);
			path = iOSDCRCTests;
			sourceTree = "<group>";
		};
		AD5CBEB32104196200F32701 /* iOSDCRCUITests */ = {
			isa = PBXGroup;
			children = (
				AD5CBEB42104196200F32701 /* iOSDCRCUITests.swift */,
				AD5CBEB62104196200F32701 /* Info.plist */,
			);
			path = iOSDCRCUITests;
			sourceTree = "<group>";
		};
		AD5CBEC321041AF000F32701 /* Frameworks */ = {
			isa = PBXGroup;
			children = (
				AD5CBEC421041AF100F32701 /* HashKit.framework */,
			);
			name = Frameworks;
			sourceTree = "<group>";
		};
		AD5CBEC621041C4500F32701 /* Constants */ = {
			isa = PBXGroup;
			children = (
				AD5CBEC721041C5600F32701 /* Constants.swift */,
			);
			path = Constants;
			sourceTree = "<group>";
		};
		AD5CBEC92104428100F32701 /* API */ = {
			isa = PBXGroup;
			children = (
				ADDAD3172104487F00B1153E /* Twitter */,
			);
			path = API;
			sourceTree = "<group>";
		};
		AD5CBED22104431900F32701 /* API */ = {
			isa = PBXGroup;
			children = (
				AD5CBEEF2104432900F32701 /* ContentType.swift */,
				AD5CBEF32104432900F32701 /* HTTPMethod.swift */,
				AD5CBEF12104432900F32701 /* QueryStringsBuilder.swift */,
				AD5CBEF02104432900F32701 /* Request.swift */,
				AD5CBEF22104432900F32701 /* Session.swift */,
				AD5CBEF42104432900F32701 /* Task.swift */,
				AD5CBED32104431900F32701 /* API.h */,
				AD5CBED42104431900F32701 /* Info.plist */,
			);
			path = API;
			sourceTree = "<group>";
		};
		AD5CBEDF2104431A00F32701 /* APITests */ = {
			isa = PBXGroup;
			children = (
				AD5CBEE02104431A00F32701 /* APITests.swift */,
				AD5CBEE22104431A00F32701 /* Info.plist */,
			);
			path = APITests;
			sourceTree = "<group>";
		};
		AD65BB342106AD4F007BE9AF /* Supports */ = {
			isa = PBXGroup;
			children = (
				AD65BB352106AD6E007BE9AF /* ImageLoader.swift */,
				AD65BB372106ADD6007BE9AF /* Cancellable.swift */,
			);
			path = Supports;
			sourceTree = "<group>";
		};
		AD908659210AA0F300CD35BB /* Interactor */ = {
			isa = PBXGroup;
			children = (
				AD90865D210AA22A00CD35BB /* AboutInteractor.swift */,
			);
			path = Interactor;
			sourceTree = "<group>";
		};
		AD90865A210AA0FF00CD35BB /* Entity */ = {
			isa = PBXGroup;
			children = (
				AD90865B210AA11A00CD35BB /* AboutEntity.swift */,
				AD90866F210AA4F000CD35BB /* AboutSections.swift */,
			);
			path = Entity;
			sourceTree = "<group>";
		};
		AD908660210AA24900CD35BB /* Interface */ = {
			isa = PBXGroup;
			children = (
				AD908661210AA25500CD35BB /* RootInterfaces.swift */,
			);
			path = Interface;
			sourceTree = "<group>";
		};
		AD908663210AA29400CD35BB /* Interface */ = {
			isa = PBXGroup;
			children = (
				AD908664210AA2A100CD35BB /* TimelineInterfaces.swift */,
			);
			path = Interface;
			sourceTree = "<group>";
		};
		AD908666210AA2DC00CD35BB /* Interface */ = {
			isa = PBXGroup;
			children = (
				AD908667210AA2ED00CD35BB /* TimetableInterfaces.swift */,
			);
			path = Interface;
			sourceTree = "<group>";
		};
		AD908669210AA32100CD35BB /* Interfaces */ = {
			isa = PBXGroup;
			children = (
				AD90866A210AA32E00CD35BB /* AboutInterfaces.swift */,
			);
			path = Interfaces;
			sourceTree = "<group>";
		};
		AD90866C210AA44900CD35BB /* Presenter */ = {
			isa = PBXGroup;
			children = (
				AD90866D210AA46500CD35BB /* AboutPresenter.swift */,
			);
			path = Presenter;
			sourceTree = "<group>";
		};
		ADCC6394210958EC008481EC /* Views */ = {
			isa = PBXGroup;
			children = (
				AD908671210AA84300CD35BB /* AboutCell.swift */,
				AD908677210AA96C00CD35BB /* AboutSectionHeaderView.swift */,
			);
			path = Views;
			sourceTree = "<group>";
		};
		ADCC639721095927008481EC /* Atomic */ = {
			isa = PBXGroup;
			children = (
				ADCC63982109595B008481EC /* UIColor+rc.swift */,
			);
			path = Atomic;
			sourceTree = "<group>";
		};
		ADDAD3172104487F00B1153E /* Twitter */ = {
			isa = PBXGroup;
			children = (
				AD5CBF1E2104439E00F32701 /* Twitter.swift */,
				ADDAD32A21045EC200B1153E /* Request */,
				ADDAD32B21045ECE00B1153E /* Response */,
			);
			path = Twitter;
			sourceTree = "<group>";
		};
		ADDAD31A21044E6300B1153E /* ViewControllers */ = {
			isa = PBXGroup;
			children = (
				ADDAD338210479F800B1153E /* Root */,
				ADDAD335210474C600B1153E /* About */,
				ADDAD31C21044EB300B1153E /* Timeline */,
				ADDAD336210474CE00B1153E /* Timetable */,
			);
			path = ViewControllers;
			sourceTree = "<group>";
		};
		ADDAD31B21044E7C00B1153E /* Interactor */ = {
			isa = PBXGroup;
			children = (
				ADDAD31D21044EC300B1153E /* TimelineInteractor.swift */,
			);
			path = Interactor;
			sourceTree = "<group>";
		};
		ADDAD31C21044EB300B1153E /* Timeline */ = {
			isa = PBXGroup;
			children = (
				AD908663210AA29400CD35BB /* Interface */,
				ADDAD3342104748D00B1153E /* View */,
				ADDAD31B21044E7C00B1153E /* Interactor */,
				ADDAD31F21044F6800B1153E /* Presenter */,
				AD5CBE962104195E00F32701 /* TimelineViewController.swift */,
			);
			path = Timeline;
			sourceTree = "<group>";
		};
		ADDAD31F21044F6800B1153E /* Presenter */ = {
			isa = PBXGroup;
			children = (
				ADDAD32021044F7B00B1153E /* TimelinePresenter.swift */,
			);
			path = Presenter;
			sourceTree = "<group>";
		};
		ADDAD32A21045EC200B1153E /* Request */ = {
			isa = PBXGroup;
			children = (
				ADDAD3222104511400B1153E /* TwitterRequest+Token.swift */,
				ADDAD32821045E3300B1153E /* TwitterRequest+Search.swift */,
			);
			path = Request;
			sourceTree = "<group>";
		};
		ADDAD32B21045ECE00B1153E /* Response */ = {
			isa = PBXGroup;
			children = (
				ADDAD32C21045EDB00B1153E /* TwitterResponse+Token.swift */,
				ADDAD32E21045F3100B1153E /* TwitterResponse+User.swift */,
				ADDAD33021045F8500B1153E /* TwitterResponse+Status.swift */,
			);
			path = Response;
			sourceTree = "<group>";
		};
		ADDAD3342104748D00B1153E /* View */ = {
			isa = PBXGroup;
			children = (
				AD1449F021055CDA00E0BFAE /* TimelineCell.swift */,
				AD2BFF802105C5BC00187D05 /* TweetDateConverter.swift */,
			);
			path = View;
			sourceTree = "<group>";
		};
		ADDAD335210474C600B1153E /* About */ = {
			isa = PBXGroup;
			children = (
				AD908669210AA32100CD35BB /* Interfaces */,
				ADCC6394210958EC008481EC /* Views */,
				AD908659210AA0F300CD35BB /* Interactor */,
				AD90866C210AA44900CD35BB /* Presenter */,
				AD90865A210AA0FF00CD35BB /* Entity */,
				ADCC638E210957FB008481EC /* AboutViewController.swift */,
			);
			path = About;
			sourceTree = "<group>";
		};
		ADDAD336210474CE00B1153E /* Timetable */ = {
			isa = PBXGroup;
			children = (
				AD908666210AA2DC00CD35BB /* Interface */,
				ADDAD38121049D4B00B1153E /* View */,
				ADDAD38C2104AE9B00B1153E /* Interactor */,
				ADDAD38D2104AEA100B1153E /* Presenter */,
				ADDAD38621049DE100B1153E /* Entity */,
				ADDAD3892104A9F700B1153E /* TimetableViewController.swift */,
			);
			path = Timetable;
			sourceTree = "<group>";
		};
		ADDAD338210479F800B1153E /* Root */ = {
			isa = PBXGroup;
			children = (
				AD908660210AA24900CD35BB /* Interface */,
				ADDAD33F210484EC00B1153E /* View */,
				ADDAD3432104873700B1153E /* Interactor */,
				ADDAD3422104863100B1153E /* Presenter */,
				ADDAD3442104874700B1153E /* Entity */,
				ADDAD3452104875B00B1153E /* Router */,
				ADDAD33921047B3600B1153E /* RootViewController.swift */,
			);
			path = Root;
			sourceTree = "<group>";
		};
		ADDAD33C2104838300B1153E /* Extensions */ = {
			isa = PBXGroup;
			children = (
				ADDAD33D210483F700B1153E /* UIView+Extensions.swift */,
				ADDAD38221049DA600B1153E /* Reusable.swift */,
				ADDAD38421049DBD00B1153E /* Date+Extensions.swift */,
				AD6B2A1921056C95001B6C4E /* NSLayoutConstraint+Extensions.swift */,
			);
			path = Extensions;
			sourceTree = "<group>";
		};
		ADDAD33F210484EC00B1153E /* View */ = {
			isa = PBXGroup;
			children = (
				ADDAD3402104851100B1153E /* RootLogoView.swift */,
			);
			path = View;
			sourceTree = "<group>";
		};
		ADDAD3422104863100B1153E /* Presenter */ = {
			isa = PBXGroup;
			children = (
				ADDAD34A2104890600B1153E /* RootPresenter.swift */,
			);
			path = Presenter;
			sourceTree = "<group>";
		};
		ADDAD3432104873700B1153E /* Interactor */ = {
			isa = PBXGroup;
			children = (
				ADDAD34C2104892000B1153E /* RootInteractor.swift */,
			);
			path = Interactor;
			sourceTree = "<group>";
		};
		ADDAD3442104874700B1153E /* Entity */ = {
			isa = PBXGroup;
			children = (
				ADDAD348210487DF00B1153E /* RootEntity.swift */,
			);
			path = Entity;
			sourceTree = "<group>";
		};
		ADDAD3452104875B00B1153E /* Router */ = {
			isa = PBXGroup;
			children = (
				ADDAD3462104876F00B1153E /* RootWireframe.swift */,
			);
			path = Router;
			sourceTree = "<group>";
		};
		ADDAD35521048E0100B1153E /* TimetableView */ = {
			isa = PBXGroup;
			children = (
				ADDAD37521048E7300B1153E /* TimetableView.swift */,
				ADDAD37121048E7200B1153E /* TimetableViewConfiguration.swift */,
				ADDAD37221048E7200B1153E /* TimetableViewDataSource.swift */,
				ADDAD37321048E7200B1153E /* TimetableViewItem.swift */,
				ADDAD37421048E7200B1153E /* TimetableViewLayout.swift */,
				ADDAD35621048E0100B1153E /* TimetableView.h */,
				ADDAD35721048E0100B1153E /* Info.plist */,
			);
			path = TimetableView;
			sourceTree = "<group>";
		};
		ADDAD36221048E0100B1153E /* TimetableViewTests */ = {
			isa = PBXGroup;
			children = (
				ADDAD36321048E0100B1153E /* TimetableViewTests.swift */,
				ADDAD36521048E0100B1153E /* Info.plist */,
			);
			path = TimetableViewTests;
			sourceTree = "<group>";
		};
		ADDAD38121049D4B00B1153E /* View */ = {
			isa = PBXGroup;
			children = (
				ADDAD37D21049D4800B1153E /* TimetableCell.swift */,
				ADDAD37B21049D4800B1153E /* TimesScrollView.swift */,
				ADDAD37C21049D4800B1153E /* TracksScrollView.swift */,
			);
			path = View;
			sourceTree = "<group>";
		};
		ADDAD38621049DE100B1153E /* Entity */ = {
			isa = PBXGroup;
			children = (
				ADDAD38721049DFC00B1153E /* TimetableEntity.swift */,
			);
			path = Entity;
			sourceTree = "<group>";
		};
		ADDAD38B2104ACBC00B1153E /* Resources */ = {
			isa = PBXGroup;
			children = (
				AD2BFF822105C6F100187D05 /* Localizations */,
				ADDAD3922104AEF200B1153E /* iosdcrc.json */,
				AD908657210AA0C400CD35BB /* about.json */,
			);
			path = Resources;
			sourceTree = "<group>";
		};
		ADDAD38C2104AE9B00B1153E /* Interactor */ = {
			isa = PBXGroup;
			children = (
				ADDAD3902104AEC500B1153E /* TimetableInteractor.swift */,
			);
			path = Interactor;
			sourceTree = "<group>";
		};
		ADDAD38D2104AEA100B1153E /* Presenter */ = {
			isa = PBXGroup;
			children = (
				ADDAD38E2104AEBE00B1153E /* TimetablePresenter.swift */,
			);
			path = Presenter;
			sourceTree = "<group>";
		};
/* End PBXGroup section */

/* Begin PBXHeadersBuildPhase section */
		AD5CBECE2104431900F32701 /* Headers */ = {
			isa = PBXHeadersBuildPhase;
			buildActionMask = 2147483647;
			files = (
				AD5CBEE32104431A00F32701 /* API.h in Headers */,
			);
			runOnlyForDeploymentPostprocessing = 0;
		};
		ADDAD35121048E0000B1153E /* Headers */ = {
			isa = PBXHeadersBuildPhase;
			buildActionMask = 2147483647;
			files = (
				ADDAD36621048E0100B1153E /* TimetableView.h in Headers */,
			);
			runOnlyForDeploymentPostprocessing = 0;
		};
/* End PBXHeadersBuildPhase section */

/* Begin PBXNativeTarget section */
		AD5CBE902104195E00F32701 /* iOSDCRC */ = {
			isa = PBXNativeTarget;
			buildConfigurationList = AD5CBEB92104196200F32701 /* Build configuration list for PBXNativeTarget "iOSDCRC" */;
			buildPhases = (
				AD5CBE8D2104195E00F32701 /* Sources */,
				AD5CBE8E2104195E00F32701 /* Frameworks */,
				AD5CBE8F2104195E00F32701 /* Resources */,
				AD5CBEC221041A9C00F32701 /* Carthage */,
				AD5CBEE72104431A00F32701 /* Embed Frameworks */,
			);
			buildRules = (
			);
			dependencies = (
				AD5CBEE52104431A00F32701 /* PBXTargetDependency */,
				ADDAD36821048E0100B1153E /* PBXTargetDependency */,
			);
			name = iOSDCRC;
			productName = iOSDCRC;
			productReference = AD5CBE912104195E00F32701 /* iOSDCRC.app */;
			productType = "com.apple.product-type.application";
		};
		AD5CBEA42104196200F32701 /* iOSDCRCTests */ = {
			isa = PBXNativeTarget;
			buildConfigurationList = AD5CBEBC2104196200F32701 /* Build configuration list for PBXNativeTarget "iOSDCRCTests" */;
			buildPhases = (
				AD5CBEA12104196200F32701 /* Sources */,
				AD5CBEA22104196200F32701 /* Frameworks */,
				AD5CBEA32104196200F32701 /* Resources */,
			);
			buildRules = (
			);
			dependencies = (
				AD5CBEA72104196200F32701 /* PBXTargetDependency */,
			);
			name = iOSDCRCTests;
			productName = iOSDCRCTests;
			productReference = AD5CBEA52104196200F32701 /* iOSDCRCTests.xctest */;
			productType = "com.apple.product-type.bundle.unit-test";
		};
		AD5CBEAF2104196200F32701 /* iOSDCRCUITests */ = {
			isa = PBXNativeTarget;
			buildConfigurationList = AD5CBEBF2104196200F32701 /* Build configuration list for PBXNativeTarget "iOSDCRCUITests" */;
			buildPhases = (
				AD5CBEAC2104196200F32701 /* Sources */,
				AD5CBEAD2104196200F32701 /* Frameworks */,
				AD5CBEAE2104196200F32701 /* Resources */,
			);
			buildRules = (
			);
			dependencies = (
				AD5CBEB22104196200F32701 /* PBXTargetDependency */,
			);
			name = iOSDCRCUITests;
			productName = iOSDCRCUITests;
			productReference = AD5CBEB02104196200F32701 /* iOSDCRCUITests.xctest */;
			productType = "com.apple.product-type.bundle.ui-testing";
		};
		AD5CBED02104431900F32701 /* API */ = {
			isa = PBXNativeTarget;
			buildConfigurationList = AD5CBEE92104431A00F32701 /* Build configuration list for PBXNativeTarget "API" */;
			buildPhases = (
				AD5CBECC2104431900F32701 /* Sources */,
				AD5CBECD2104431900F32701 /* Frameworks */,
				AD5CBECE2104431900F32701 /* Headers */,
				AD5CBECF2104431900F32701 /* Resources */,
			);
			buildRules = (
			);
			dependencies = (
			);
			name = API;
			productName = API;
			productReference = AD5CBED12104431900F32701 /* API.framework */;
			productType = "com.apple.product-type.framework";
		};
		AD5CBED82104431900F32701 /* APITests */ = {
			isa = PBXNativeTarget;
			buildConfigurationList = AD5CBEEC2104431A00F32701 /* Build configuration list for PBXNativeTarget "APITests" */;
			buildPhases = (
				AD5CBED52104431900F32701 /* Sources */,
				AD5CBED62104431900F32701 /* Frameworks */,
				AD5CBED72104431900F32701 /* Resources */,
			);
			buildRules = (
			);
			dependencies = (
				AD5CBEDC2104431A00F32701 /* PBXTargetDependency */,
				AD5CBEDE2104431A00F32701 /* PBXTargetDependency */,
			);
			name = APITests;
			productName = APITests;
			productReference = AD5CBED92104431900F32701 /* APITests.xctest */;
			productType = "com.apple.product-type.bundle.unit-test";
		};
		ADDAD35321048E0000B1153E /* TimetableView */ = {
			isa = PBXNativeTarget;
			buildConfigurationList = ADDAD36B21048E0100B1153E /* Build configuration list for PBXNativeTarget "TimetableView" */;
			buildPhases = (
				ADDAD34F21048E0000B1153E /* Sources */,
				ADDAD35021048E0000B1153E /* Frameworks */,
				ADDAD35121048E0000B1153E /* Headers */,
				ADDAD35221048E0000B1153E /* Resources */,
			);
			buildRules = (
			);
			dependencies = (
			);
			name = TimetableView;
			productName = TimetableView;
			productReference = ADDAD35421048E0000B1153E /* TimetableView.framework */;
			productType = "com.apple.product-type.framework";
		};
		ADDAD35B21048E0100B1153E /* TimetableViewTests */ = {
			isa = PBXNativeTarget;
			buildConfigurationList = ADDAD36E21048E0100B1153E /* Build configuration list for PBXNativeTarget "TimetableViewTests" */;
			buildPhases = (
				ADDAD35821048E0100B1153E /* Sources */,
				ADDAD35921048E0100B1153E /* Frameworks */,
				ADDAD35A21048E0100B1153E /* Resources */,
			);
			buildRules = (
			);
			dependencies = (
				ADDAD35F21048E0100B1153E /* PBXTargetDependency */,
				ADDAD36121048E0100B1153E /* PBXTargetDependency */,
			);
			name = TimetableViewTests;
			productName = TimetableViewTests;
			productReference = ADDAD35C21048E0100B1153E /* TimetableViewTests.xctest */;
			productType = "com.apple.product-type.bundle.unit-test";
		};
/* End PBXNativeTarget section */

/* Begin PBXProject section */
		AD5CBE892104195E00F32701 /* Project object */ = {
			isa = PBXProject;
			attributes = {
				LastSwiftUpdateCheck = 0940;
				LastUpgradeCheck = 0940;
				ORGANIZATIONNAME = "Kazuya Ueoka";
				TargetAttributes = {
					AD5CBE902104195E00F32701 = {
						CreatedOnToolsVersion = 9.4.1;
					};
					AD5CBEA42104196200F32701 = {
						CreatedOnToolsVersion = 9.4.1;
						TestTargetID = AD5CBE902104195E00F32701;
					};
					AD5CBEAF2104196200F32701 = {
						CreatedOnToolsVersion = 9.4.1;
						TestTargetID = AD5CBE902104195E00F32701;
					};
					AD5CBED02104431900F32701 = {
						CreatedOnToolsVersion = 9.4.1;
						LastSwiftMigration = 0940;
					};
					AD5CBED82104431900F32701 = {
						CreatedOnToolsVersion = 9.4.1;
						TestTargetID = AD5CBE902104195E00F32701;
					};
					ADDAD35321048E0000B1153E = {
						CreatedOnToolsVersion = 9.4.1;
						LastSwiftMigration = 0940;
					};
					ADDAD35B21048E0100B1153E = {
						CreatedOnToolsVersion = 9.4.1;
						TestTargetID = AD5CBE902104195E00F32701;
					};
				};
			};
			buildConfigurationList = AD5CBE8C2104195E00F32701 /* Build configuration list for PBXProject "iOSDCRC" */;
			compatibilityVersion = "Xcode 9.3";
			developmentRegion = en;
			hasScannedForEncodings = 0;
			knownRegions = (
				en,
				Base,
				ja,
			);
			mainGroup = AD5CBE882104195E00F32701;
			productRefGroup = AD5CBE922104195E00F32701 /* Products */;
			projectDirPath = "";
			projectRoot = "";
			targets = (
				AD5CBE902104195E00F32701 /* iOSDCRC */,
				AD5CBEA42104196200F32701 /* iOSDCRCTests */,
				AD5CBEAF2104196200F32701 /* iOSDCRCUITests */,
				AD5CBED02104431900F32701 /* API */,
				AD5CBED82104431900F32701 /* APITests */,
				ADDAD35321048E0000B1153E /* TimetableView */,
				ADDAD35B21048E0100B1153E /* TimetableViewTests */,
			);
		};
/* End PBXProject section */

/* Begin PBXResourcesBuildPhase section */
		AD5CBE8F2104195E00F32701 /* Resources */ = {
			isa = PBXResourcesBuildPhase;
			buildActionMask = 2147483647;
			files = (
				ADDAD3932104AEF300B1153E /* iosdcrc.json in Resources */,
				AD2BFF852105C71D00187D05 /* Localizable.strings in Resources */,
				AD5CBE9F2104196200F32701 /* LaunchScreen.storyboard in Resources */,
				AD908658210AA0C400CD35BB /* about.json in Resources */,
				AD5CBE9C2104196200F32701 /* Assets.xcassets in Resources */,
			);
			runOnlyForDeploymentPostprocessing = 0;
		};
		AD5CBEA32104196200F32701 /* Resources */ = {
			isa = PBXResourcesBuildPhase;
			buildActionMask = 2147483647;
			files = (
			);
			runOnlyForDeploymentPostprocessing = 0;
		};
		AD5CBEAE2104196200F32701 /* Resources */ = {
			isa = PBXResourcesBuildPhase;
			buildActionMask = 2147483647;
			files = (
			);
			runOnlyForDeploymentPostprocessing = 0;
		};
		AD5CBECF2104431900F32701 /* Resources */ = {
			isa = PBXResourcesBuildPhase;
			buildActionMask = 2147483647;
			files = (
			);
			runOnlyForDeploymentPostprocessing = 0;
		};
		AD5CBED72104431900F32701 /* Resources */ = {
			isa = PBXResourcesBuildPhase;
			buildActionMask = 2147483647;
			files = (
			);
			runOnlyForDeploymentPostprocessing = 0;
		};
		ADDAD35221048E0000B1153E /* Resources */ = {
			isa = PBXResourcesBuildPhase;
			buildActionMask = 2147483647;
			files = (
			);
			runOnlyForDeploymentPostprocessing = 0;
		};
		ADDAD35A21048E0100B1153E /* Resources */ = {
			isa = PBXResourcesBuildPhase;
			buildActionMask = 2147483647;
			files = (
			);
			runOnlyForDeploymentPostprocessing = 0;
		};
/* End PBXResourcesBuildPhase section */

/* Begin PBXShellScriptBuildPhase section */
		AD5CBEC221041A9C00F32701 /* Carthage */ = {
			isa = PBXShellScriptBuildPhase;
			buildActionMask = 2147483647;
			files = (
			);
			inputPaths = (
			);
			name = Carthage;
			outputPaths = (
			);
			runOnlyForDeploymentPostprocessing = 0;
			shellPath = /bin/sh;
			shellScript = "/usr/local/bin/carthage copy-frameworks\n";
		};
/* End PBXShellScriptBuildPhase section */

/* Begin PBXSourcesBuildPhase section */
		AD5CBE8D2104195E00F32701 /* Sources */ = {
			isa = PBXSourcesBuildPhase;
			buildActionMask = 2147483647;
			files = (
				AD5CBE972104195E00F32701 /* TimelineViewController.swift in Sources */,
				ADDAD3412104851100B1153E /* RootLogoView.swift in Sources */,
				ADDAD38A2104A9F700B1153E /* TimetableViewController.swift in Sources */,
				AD90866E210AA46500CD35BB /* AboutPresenter.swift in Sources */,
				ADDAD31E21044EC300B1153E /* TimelineInteractor.swift in Sources */,
				ADDAD33A21047B3600B1153E /* RootViewController.swift in Sources */,
				AD5CBE952104195E00F32701 /* AppDelegate.swift in Sources */,
				ADCC63992109595B008481EC /* UIColor+rc.swift in Sources */,
				ADDAD3472104876F00B1153E /* RootWireframe.swift in Sources */,
				ADDAD34D2104892000B1153E /* RootInteractor.swift in Sources */,
				AD1449F121055CDA00E0BFAE /* TimelineCell.swift in Sources */,
				AD6B2A1A21056C95001B6C4E /* NSLayoutConstraint+Extensions.swift in Sources */,
				AD5CBF1F2104439E00F32701 /* Twitter.swift in Sources */,
				ADDAD33E210483F700B1153E /* UIView+Extensions.swift in Sources */,
				AD908672210AA84300CD35BB /* AboutCell.swift in Sources */,
				ADDAD38F2104AEBE00B1153E /* TimetablePresenter.swift in Sources */,
				ADDAD3232104511400B1153E /* TwitterRequest+Token.swift in Sources */,
				AD0042DF2107350B0057AA83 /* LoadingView.swift in Sources */,
				ADDAD38521049DBD00B1153E /* Date+Extensions.swift in Sources */,
				ADDAD32921045E3300B1153E /* TwitterRequest+Search.swift in Sources */,
				AD2BFF812105C5BC00187D05 /* TweetDateConverter.swift in Sources */,
				ADDAD38821049DFC00B1153E /* TimetableEntity.swift in Sources */,
				AD908665210AA2A100CD35BB /* TimelineInterfaces.swift in Sources */,
				AD65BB382106ADD6007BE9AF /* Cancellable.swift in Sources */,
				ADDAD37F21049D4900B1153E /* TracksScrollView.swift in Sources */,
				ADDAD3912104AEC500B1153E /* TimetableInteractor.swift in Sources */,
				ADDAD38321049DA600B1153E /* Reusable.swift in Sources */,
				AD90866B210AA32E00CD35BB /* AboutInterfaces.swift in Sources */,
				ADDAD33121045F8500B1153E /* TwitterResponse+Status.swift in Sources */,
				ADDAD34B2104890600B1153E /* RootPresenter.swift in Sources */,
				AD908670210AA4F000CD35BB /* AboutSections.swift in Sources */,
				AD908668210AA2ED00CD35BB /* TimetableInterfaces.swift in Sources */,
				AD5CBEC821041C5600F32701 /* Constants.swift in Sources */,
				AD908662210AA25500CD35BB /* RootInterfaces.swift in Sources */,
				ADCC638F210957FB008481EC /* AboutViewController.swift in Sources */,
				AD90865E210AA22A00CD35BB /* AboutInteractor.swift in Sources */,
				ADDAD37E21049D4900B1153E /* TimesScrollView.swift in Sources */,
				AD908678210AA96C00CD35BB /* AboutSectionHeaderView.swift in Sources */,
				ADDAD349210487DF00B1153E /* RootEntity.swift in Sources */,
				AD90865C210AA11A00CD35BB /* AboutEntity.swift in Sources */,
				ADDAD32121044F7B00B1153E /* TimelinePresenter.swift in Sources */,
				AD65BB362106AD6E007BE9AF /* ImageLoader.swift in Sources */,
				ADDAD32F21045F3100B1153E /* TwitterResponse+User.swift in Sources */,
				ADDAD38021049D4900B1153E /* TimetableCell.swift in Sources */,
				ADDAD32D21045EDB00B1153E /* TwitterResponse+Token.swift in Sources */,
			);
			runOnlyForDeploymentPostprocessing = 0;
		};
		AD5CBEA12104196200F32701 /* Sources */ = {
			isa = PBXSourcesBuildPhase;
			buildActionMask = 2147483647;
			files = (
				AD5CBEAA2104196200F32701 /* iOSDCRCTests.swift in Sources */,
			);
			runOnlyForDeploymentPostprocessing = 0;
		};
		AD5CBEAC2104196200F32701 /* Sources */ = {
			isa = PBXSourcesBuildPhase;
			buildActionMask = 2147483647;
			files = (
				AD5CBEB52104196200F32701 /* iOSDCRCUITests.swift in Sources */,
			);
			runOnlyForDeploymentPostprocessing = 0;
		};
		AD5CBECC2104431900F32701 /* Sources */ = {
			isa = PBXSourcesBuildPhase;
			buildActionMask = 2147483647;
			files = (
				AD5CBEF82104432900F32701 /* Session.swift in Sources */,
				AD5CBEF52104432900F32701 /* ContentType.swift in Sources */,
				AD5CBEF72104432900F32701 /* QueryStringsBuilder.swift in Sources */,
				AD5CBEF92104432900F32701 /* HTTPMethod.swift in Sources */,
				AD5CBEFA2104432900F32701 /* Task.swift in Sources */,
				AD5CBEF62104432900F32701 /* Request.swift in Sources */,
			);
			runOnlyForDeploymentPostprocessing = 0;
		};
		AD5CBED52104431900F32701 /* Sources */ = {
			isa = PBXSourcesBuildPhase;
			buildActionMask = 2147483647;
			files = (
				AD5CBEE12104431A00F32701 /* APITests.swift in Sources */,
			);
			runOnlyForDeploymentPostprocessing = 0;
		};
		ADDAD34F21048E0000B1153E /* Sources */ = {
			isa = PBXSourcesBuildPhase;
			buildActionMask = 2147483647;
			files = (
				ADDAD37A21048E7300B1153E /* TimetableView.swift in Sources */,
				ADDAD37921048E7300B1153E /* TimetableViewLayout.swift in Sources */,
				ADDAD37821048E7300B1153E /* TimetableViewItem.swift in Sources */,
				ADDAD37621048E7300B1153E /* TimetableViewConfiguration.swift in Sources */,
				ADDAD37721048E7300B1153E /* TimetableViewDataSource.swift in Sources */,
			);
			runOnlyForDeploymentPostprocessing = 0;
		};
		ADDAD35821048E0100B1153E /* Sources */ = {
			isa = PBXSourcesBuildPhase;
			buildActionMask = 2147483647;
			files = (
				ADDAD36421048E0100B1153E /* TimetableViewTests.swift in Sources */,
			);
			runOnlyForDeploymentPostprocessing = 0;
		};
/* End PBXSourcesBuildPhase section */

/* Begin PBXTargetDependency section */
		AD5CBEA72104196200F32701 /* PBXTargetDependency */ = {
			isa = PBXTargetDependency;
			target = AD5CBE902104195E00F32701 /* iOSDCRC */;
			targetProxy = AD5CBEA62104196200F32701 /* PBXContainerItemProxy */;
		};
		AD5CBEB22104196200F32701 /* PBXTargetDependency */ = {
			isa = PBXTargetDependency;
			target = AD5CBE902104195E00F32701 /* iOSDCRC */;
			targetProxy = AD5CBEB12104196200F32701 /* PBXContainerItemProxy */;
		};
		AD5CBEDC2104431A00F32701 /* PBXTargetDependency */ = {
			isa = PBXTargetDependency;
			target = AD5CBED02104431900F32701 /* API */;
			targetProxy = AD5CBEDB2104431A00F32701 /* PBXContainerItemProxy */;
		};
		AD5CBEDE2104431A00F32701 /* PBXTargetDependency */ = {
			isa = PBXTargetDependency;
			target = AD5CBE902104195E00F32701 /* iOSDCRC */;
			targetProxy = AD5CBEDD2104431A00F32701 /* PBXContainerItemProxy */;
		};
		AD5CBEE52104431A00F32701 /* PBXTargetDependency */ = {
			isa = PBXTargetDependency;
			target = AD5CBED02104431900F32701 /* API */;
			targetProxy = AD5CBEE42104431A00F32701 /* PBXContainerItemProxy */;
		};
		ADDAD35F21048E0100B1153E /* PBXTargetDependency */ = {
			isa = PBXTargetDependency;
			target = ADDAD35321048E0000B1153E /* TimetableView */;
			targetProxy = ADDAD35E21048E0100B1153E /* PBXContainerItemProxy */;
		};
		ADDAD36121048E0100B1153E /* PBXTargetDependency */ = {
			isa = PBXTargetDependency;
			target = AD5CBE902104195E00F32701 /* iOSDCRC */;
			targetProxy = ADDAD36021048E0100B1153E /* PBXContainerItemProxy */;
		};
		ADDAD36821048E0100B1153E /* PBXTargetDependency */ = {
			isa = PBXTargetDependency;
			target = ADDAD35321048E0000B1153E /* TimetableView */;
			targetProxy = ADDAD36721048E0100B1153E /* PBXContainerItemProxy */;
		};
/* End PBXTargetDependency section */

/* Begin PBXVariantGroup section */
		AD2BFF872105C71D00187D05 /* Localizable.strings */ = {
			isa = PBXVariantGroup;
			children = (
				AD2BFF862105C71D00187D05 /* en */,
				AD2BFF882105C72700187D05 /* ja */,
			);
			name = Localizable.strings;
			sourceTree = "<group>";
		};
		AD5CBE9D2104196200F32701 /* LaunchScreen.storyboard */ = {
			isa = PBXVariantGroup;
			children = (
				AD5CBE9E2104196200F32701 /* Base */,
			);
			name = LaunchScreen.storyboard;
			sourceTree = "<group>";
		};
/* End PBXVariantGroup section */

/* Begin XCBuildConfiguration section */
		AD5CBEB72104196200F32701 /* Debug */ = {
			isa = XCBuildConfiguration;
			buildSettings = {
				ALWAYS_SEARCH_USER_PATHS = NO;
				CLANG_ANALYZER_LOCALIZABILITY_NONLOCALIZED = YES;
				CLANG_ANALYZER_NONNULL = YES;
				CLANG_ANALYZER_NUMBER_OBJECT_CONVERSION = YES_AGGRESSIVE;
				CLANG_CXX_LANGUAGE_STANDARD = "gnu++14";
				CLANG_CXX_LIBRARY = "libc++";
				CLANG_ENABLE_MODULES = YES;
				CLANG_ENABLE_OBJC_ARC = YES;
				CLANG_ENABLE_OBJC_WEAK = YES;
				CLANG_WARN_BLOCK_CAPTURE_AUTORELEASING = YES;
				CLANG_WARN_BOOL_CONVERSION = YES;
				CLANG_WARN_COMMA = YES;
				CLANG_WARN_CONSTANT_CONVERSION = YES;
				CLANG_WARN_DEPRECATED_OBJC_IMPLEMENTATIONS = YES;
				CLANG_WARN_DIRECT_OBJC_ISA_USAGE = YES_ERROR;
				CLANG_WARN_DOCUMENTATION_COMMENTS = YES;
				CLANG_WARN_EMPTY_BODY = YES;
				CLANG_WARN_ENUM_CONVERSION = YES;
				CLANG_WARN_INFINITE_RECURSION = YES;
				CLANG_WARN_INT_CONVERSION = YES;
				CLANG_WARN_NON_LITERAL_NULL_CONVERSION = YES;
				CLANG_WARN_OBJC_IMPLICIT_RETAIN_SELF = YES;
				CLANG_WARN_OBJC_LITERAL_CONVERSION = YES;
				CLANG_WARN_OBJC_ROOT_CLASS = YES_ERROR;
				CLANG_WARN_RANGE_LOOP_ANALYSIS = YES;
				CLANG_WARN_STRICT_PROTOTYPES = YES;
				CLANG_WARN_SUSPICIOUS_MOVE = YES;
				CLANG_WARN_UNGUARDED_AVAILABILITY = YES_AGGRESSIVE;
				CLANG_WARN_UNREACHABLE_CODE = YES;
				CLANG_WARN__DUPLICATE_METHOD_MATCH = YES;
				CODE_SIGN_IDENTITY = "iPhone Developer";
				COPY_PHASE_STRIP = NO;
				DEBUG_INFORMATION_FORMAT = dwarf;
				ENABLE_STRICT_OBJC_MSGSEND = YES;
				ENABLE_TESTABILITY = YES;
				GCC_C_LANGUAGE_STANDARD = gnu11;
				GCC_DYNAMIC_NO_PIC = NO;
				GCC_NO_COMMON_BLOCKS = YES;
				GCC_OPTIMIZATION_LEVEL = 0;
				GCC_PREPROCESSOR_DEFINITIONS = (
					"DEBUG=1",
					"$(inherited)",
				);
				GCC_WARN_64_TO_32_BIT_CONVERSION = YES;
				GCC_WARN_ABOUT_RETURN_TYPE = YES_ERROR;
				GCC_WARN_UNDECLARED_SELECTOR = YES;
				GCC_WARN_UNINITIALIZED_AUTOS = YES_AGGRESSIVE;
				GCC_WARN_UNUSED_FUNCTION = YES;
				GCC_WARN_UNUSED_VARIABLE = YES;
				IPHONEOS_DEPLOYMENT_TARGET = 10.0;
				MTL_ENABLE_DEBUG_INFO = YES;
				ONLY_ACTIVE_ARCH = YES;
				SDKROOT = iphoneos;
				SWIFT_ACTIVE_COMPILATION_CONDITIONS = DEBUG;
				SWIFT_OPTIMIZATION_LEVEL = "-Onone";
			};
			name = Debug;
		};
		AD5CBEB82104196200F32701 /* Release */ = {
			isa = XCBuildConfiguration;
			buildSettings = {
				ALWAYS_SEARCH_USER_PATHS = NO;
				CLANG_ANALYZER_LOCALIZABILITY_NONLOCALIZED = YES;
				CLANG_ANALYZER_NONNULL = YES;
				CLANG_ANALYZER_NUMBER_OBJECT_CONVERSION = YES_AGGRESSIVE;
				CLANG_CXX_LANGUAGE_STANDARD = "gnu++14";
				CLANG_CXX_LIBRARY = "libc++";
				CLANG_ENABLE_MODULES = YES;
				CLANG_ENABLE_OBJC_ARC = YES;
				CLANG_ENABLE_OBJC_WEAK = YES;
				CLANG_WARN_BLOCK_CAPTURE_AUTORELEASING = YES;
				CLANG_WARN_BOOL_CONVERSION = YES;
				CLANG_WARN_COMMA = YES;
				CLANG_WARN_CONSTANT_CONVERSION = YES;
				CLANG_WARN_DEPRECATED_OBJC_IMPLEMENTATIONS = YES;
				CLANG_WARN_DIRECT_OBJC_ISA_USAGE = YES_ERROR;
				CLANG_WARN_DOCUMENTATION_COMMENTS = YES;
				CLANG_WARN_EMPTY_BODY = YES;
				CLANG_WARN_ENUM_CONVERSION = YES;
				CLANG_WARN_INFINITE_RECURSION = YES;
				CLANG_WARN_INT_CONVERSION = YES;
				CLANG_WARN_NON_LITERAL_NULL_CONVERSION = YES;
				CLANG_WARN_OBJC_IMPLICIT_RETAIN_SELF = YES;
				CLANG_WARN_OBJC_LITERAL_CONVERSION = YES;
				CLANG_WARN_OBJC_ROOT_CLASS = YES_ERROR;
				CLANG_WARN_RANGE_LOOP_ANALYSIS = YES;
				CLANG_WARN_STRICT_PROTOTYPES = YES;
				CLANG_WARN_SUSPICIOUS_MOVE = YES;
				CLANG_WARN_UNGUARDED_AVAILABILITY = YES_AGGRESSIVE;
				CLANG_WARN_UNREACHABLE_CODE = YES;
				CLANG_WARN__DUPLICATE_METHOD_MATCH = YES;
				CODE_SIGN_IDENTITY = "iPhone Developer";
				COPY_PHASE_STRIP = NO;
				DEBUG_INFORMATION_FORMAT = "dwarf-with-dsym";
				ENABLE_NS_ASSERTIONS = NO;
				ENABLE_STRICT_OBJC_MSGSEND = YES;
				GCC_C_LANGUAGE_STANDARD = gnu11;
				GCC_NO_COMMON_BLOCKS = YES;
				GCC_WARN_64_TO_32_BIT_CONVERSION = YES;
				GCC_WARN_ABOUT_RETURN_TYPE = YES_ERROR;
				GCC_WARN_UNDECLARED_SELECTOR = YES;
				GCC_WARN_UNINITIALIZED_AUTOS = YES_AGGRESSIVE;
				GCC_WARN_UNUSED_FUNCTION = YES;
				GCC_WARN_UNUSED_VARIABLE = YES;
				IPHONEOS_DEPLOYMENT_TARGET = 10.0;
				MTL_ENABLE_DEBUG_INFO = NO;
				SDKROOT = iphoneos;
				SWIFT_COMPILATION_MODE = wholemodule;
				SWIFT_OPTIMIZATION_LEVEL = "-O";
				VALIDATE_PRODUCT = YES;
			};
			name = Release;
		};
		AD5CBEBA2104196200F32701 /* Debug */ = {
			isa = XCBuildConfiguration;
			buildSettings = {
				ALWAYS_EMBED_SWIFT_STANDARD_LIBRARIES = YES;
				ASSETCATALOG_COMPILER_APPICON_NAME = AppIcon;
				CODE_SIGN_STYLE = Automatic;
				DEVELOPMENT_TEAM = K84E4S7G4C;
				FRAMEWORK_SEARCH_PATHS = (
					"$(inherited)",
					"$(PROJECT_DIR)/Carthage/Build/iOS",
				);
				INFOPLIST_FILE = iOSDCRC/Info.plist;
				IPHONEOS_DEPLOYMENT_TARGET = 10.0;
				LD_RUNPATH_SEARCH_PATHS = (
					"$(inherited)",
					"@executable_path/Frameworks",
				);
				PRODUCT_BUNDLE_IDENTIFIER = me.fromkk.iOSDCRC;
				PRODUCT_NAME = "$(TARGET_NAME)";
				SWIFT_VERSION = 4.0;
				TARGETED_DEVICE_FAMILY = "1,2";
			};
			name = Debug;
		};
		AD5CBEBB2104196200F32701 /* Release */ = {
			isa = XCBuildConfiguration;
			buildSettings = {
				ALWAYS_EMBED_SWIFT_STANDARD_LIBRARIES = YES;
				ASSETCATALOG_COMPILER_APPICON_NAME = AppIcon;
				CODE_SIGN_STYLE = Automatic;
				DEVELOPMENT_TEAM = K84E4S7G4C;
				FRAMEWORK_SEARCH_PATHS = (
					"$(inherited)",
					"$(PROJECT_DIR)/Carthage/Build/iOS",
				);
				INFOPLIST_FILE = iOSDCRC/Info.plist;
				IPHONEOS_DEPLOYMENT_TARGET = 10.0;
				LD_RUNPATH_SEARCH_PATHS = (
					"$(inherited)",
					"@executable_path/Frameworks",
				);
				PRODUCT_BUNDLE_IDENTIFIER = me.fromkk.iOSDCRC;
				PRODUCT_NAME = "$(TARGET_NAME)";
				SWIFT_VERSION = 4.0;
				TARGETED_DEVICE_FAMILY = "1,2";
			};
			name = Release;
		};
		AD5CBEBD2104196200F32701 /* Debug */ = {
			isa = XCBuildConfiguration;
			buildSettings = {
				ALWAYS_EMBED_SWIFT_STANDARD_LIBRARIES = YES;
				BUNDLE_LOADER = "$(TEST_HOST)";
				CODE_SIGN_STYLE = Automatic;
				DEVELOPMENT_TEAM = K84E4S7G4C;
				INFOPLIST_FILE = iOSDCRCTests/Info.plist;
				LD_RUNPATH_SEARCH_PATHS = (
					"$(inherited)",
					"@executable_path/Frameworks",
					"@loader_path/Frameworks",
				);
				PRODUCT_BUNDLE_IDENTIFIER = me.fromkk.iOSDCRCTests;
				PRODUCT_NAME = "$(TARGET_NAME)";
				SWIFT_VERSION = 4.0;
				TARGETED_DEVICE_FAMILY = "1,2";
				TEST_HOST = "$(BUILT_PRODUCTS_DIR)/iOSDCRC.app/iOSDCRC";
			};
			name = Debug;
		};
		AD5CBEBE2104196200F32701 /* Release */ = {
			isa = XCBuildConfiguration;
			buildSettings = {
				ALWAYS_EMBED_SWIFT_STANDARD_LIBRARIES = YES;
				BUNDLE_LOADER = "$(TEST_HOST)";
				CODE_SIGN_STYLE = Automatic;
				DEVELOPMENT_TEAM = K84E4S7G4C;
				INFOPLIST_FILE = iOSDCRCTests/Info.plist;
				LD_RUNPATH_SEARCH_PATHS = (
					"$(inherited)",
					"@executable_path/Frameworks",
					"@loader_path/Frameworks",
				);
				PRODUCT_BUNDLE_IDENTIFIER = me.fromkk.iOSDCRCTests;
				PRODUCT_NAME = "$(TARGET_NAME)";
				SWIFT_VERSION = 4.0;
				TARGETED_DEVICE_FAMILY = "1,2";
				TEST_HOST = "$(BUILT_PRODUCTS_DIR)/iOSDCRC.app/iOSDCRC";
			};
			name = Release;
		};
		AD5CBEC02104196200F32701 /* Debug */ = {
			isa = XCBuildConfiguration;
			buildSettings = {
				ALWAYS_EMBED_SWIFT_STANDARD_LIBRARIES = YES;
				CODE_SIGN_STYLE = Automatic;
				DEVELOPMENT_TEAM = K84E4S7G4C;
				INFOPLIST_FILE = iOSDCRCUITests/Info.plist;
				LD_RUNPATH_SEARCH_PATHS = (
					"$(inherited)",
					"@executable_path/Frameworks",
					"@loader_path/Frameworks",
				);
				PRODUCT_BUNDLE_IDENTIFIER = me.fromkk.iOSDCRCUITests;
				PRODUCT_NAME = "$(TARGET_NAME)";
				SWIFT_VERSION = 4.0;
				TARGETED_DEVICE_FAMILY = "1,2";
				TEST_TARGET_NAME = iOSDCRC;
			};
			name = Debug;
		};
		AD5CBEC12104196200F32701 /* Release */ = {
			isa = XCBuildConfiguration;
			buildSettings = {
				ALWAYS_EMBED_SWIFT_STANDARD_LIBRARIES = YES;
				CODE_SIGN_STYLE = Automatic;
				DEVELOPMENT_TEAM = K84E4S7G4C;
				INFOPLIST_FILE = iOSDCRCUITests/Info.plist;
				LD_RUNPATH_SEARCH_PATHS = (
					"$(inherited)",
					"@executable_path/Frameworks",
					"@loader_path/Frameworks",
				);
				PRODUCT_BUNDLE_IDENTIFIER = me.fromkk.iOSDCRCUITests;
				PRODUCT_NAME = "$(TARGET_NAME)";
				SWIFT_VERSION = 4.0;
				TARGETED_DEVICE_FAMILY = "1,2";
				TEST_TARGET_NAME = iOSDCRC;
			};
			name = Release;
		};
		AD5CBEEA2104431A00F32701 /* Debug */ = {
			isa = XCBuildConfiguration;
			buildSettings = {
				CLANG_ENABLE_MODULES = YES;
				CODE_SIGN_IDENTITY = "";
				CODE_SIGN_STYLE = Automatic;
				CURRENT_PROJECT_VERSION = 1;
				DEFINES_MODULE = YES;
				DEVELOPMENT_TEAM = K84E4S7G4C;
				DYLIB_COMPATIBILITY_VERSION = 1;
				DYLIB_CURRENT_VERSION = 1;
				DYLIB_INSTALL_NAME_BASE = "@rpath";
				INFOPLIST_FILE = API/Info.plist;
				INSTALL_PATH = "$(LOCAL_LIBRARY_DIR)/Frameworks";
				IPHONEOS_DEPLOYMENT_TARGET = 9.0;
				LD_RUNPATH_SEARCH_PATHS = (
					"$(inherited)",
					"@executable_path/Frameworks",
					"@loader_path/Frameworks",
				);
				PRODUCT_BUNDLE_IDENTIFIER = me.fromkk.API;
				PRODUCT_NAME = "$(TARGET_NAME:c99extidentifier)";
				SKIP_INSTALL = YES;
				SWIFT_OPTIMIZATION_LEVEL = "-Onone";
				SWIFT_VERSION = 4.0;
				TARGETED_DEVICE_FAMILY = "1,2";
				VERSIONING_SYSTEM = "apple-generic";
				VERSION_INFO_PREFIX = "";
			};
			name = Debug;
		};
		AD5CBEEB2104431A00F32701 /* Release */ = {
			isa = XCBuildConfiguration;
			buildSettings = {
				CLANG_ENABLE_MODULES = YES;
				CODE_SIGN_IDENTITY = "";
				CODE_SIGN_STYLE = Automatic;
				CURRENT_PROJECT_VERSION = 1;
				DEFINES_MODULE = YES;
				DEVELOPMENT_TEAM = K84E4S7G4C;
				DYLIB_COMPATIBILITY_VERSION = 1;
				DYLIB_CURRENT_VERSION = 1;
				DYLIB_INSTALL_NAME_BASE = "@rpath";
				INFOPLIST_FILE = API/Info.plist;
				INSTALL_PATH = "$(LOCAL_LIBRARY_DIR)/Frameworks";
				IPHONEOS_DEPLOYMENT_TARGET = 9.0;
				LD_RUNPATH_SEARCH_PATHS = (
					"$(inherited)",
					"@executable_path/Frameworks",
					"@loader_path/Frameworks",
				);
				PRODUCT_BUNDLE_IDENTIFIER = me.fromkk.API;
				PRODUCT_NAME = "$(TARGET_NAME:c99extidentifier)";
				SKIP_INSTALL = YES;
				SWIFT_VERSION = 4.0;
				TARGETED_DEVICE_FAMILY = "1,2";
				VERSIONING_SYSTEM = "apple-generic";
				VERSION_INFO_PREFIX = "";
			};
			name = Release;
		};
		AD5CBEED2104431A00F32701 /* Debug */ = {
			isa = XCBuildConfiguration;
			buildSettings = {
				ALWAYS_EMBED_SWIFT_STANDARD_LIBRARIES = YES;
				CODE_SIGN_STYLE = Automatic;
				DEVELOPMENT_TEAM = K84E4S7G4C;
				INFOPLIST_FILE = APITests/Info.plist;
				LD_RUNPATH_SEARCH_PATHS = (
					"$(inherited)",
					"@executable_path/Frameworks",
					"@loader_path/Frameworks",
				);
				PRODUCT_BUNDLE_IDENTIFIER = me.fromkk.APITests;
				PRODUCT_NAME = "$(TARGET_NAME)";
				SWIFT_VERSION = 4.0;
				TARGETED_DEVICE_FAMILY = "1,2";
				TEST_HOST = "$(BUILT_PRODUCTS_DIR)/iOSDCRC.app/iOSDCRC";
			};
			name = Debug;
		};
		AD5CBEEE2104431A00F32701 /* Release */ = {
			isa = XCBuildConfiguration;
			buildSettings = {
				ALWAYS_EMBED_SWIFT_STANDARD_LIBRARIES = YES;
				CODE_SIGN_STYLE = Automatic;
				DEVELOPMENT_TEAM = K84E4S7G4C;
				INFOPLIST_FILE = APITests/Info.plist;
				LD_RUNPATH_SEARCH_PATHS = (
					"$(inherited)",
					"@executable_path/Frameworks",
					"@loader_path/Frameworks",
				);
				PRODUCT_BUNDLE_IDENTIFIER = me.fromkk.APITests;
				PRODUCT_NAME = "$(TARGET_NAME)";
				SWIFT_VERSION = 4.0;
				TARGETED_DEVICE_FAMILY = "1,2";
				TEST_HOST = "$(BUILT_PRODUCTS_DIR)/iOSDCRC.app/iOSDCRC";
			};
			name = Release;
		};
		ADDAD36C21048E0100B1153E /* Debug */ = {
			isa = XCBuildConfiguration;
			buildSettings = {
				CLANG_ENABLE_MODULES = YES;
				CODE_SIGN_IDENTITY = "";
				CODE_SIGN_STYLE = Automatic;
				CURRENT_PROJECT_VERSION = 1;
				DEFINES_MODULE = YES;
				DEVELOPMENT_TEAM = K84E4S7G4C;
				DYLIB_COMPATIBILITY_VERSION = 1;
				DYLIB_CURRENT_VERSION = 1;
				DYLIB_INSTALL_NAME_BASE = "@rpath";
				INFOPLIST_FILE = TimetableView/Info.plist;
				INSTALL_PATH = "$(LOCAL_LIBRARY_DIR)/Frameworks";
				IPHONEOS_DEPLOYMENT_TARGET = 9.0;
				LD_RUNPATH_SEARCH_PATHS = (
					"$(inherited)",
					"@executable_path/Frameworks",
					"@loader_path/Frameworks",
				);
				PRODUCT_BUNDLE_IDENTIFIER = me.fromkk.TimetableView;
				PRODUCT_NAME = "$(TARGET_NAME:c99extidentifier)";
				SKIP_INSTALL = YES;
				SWIFT_OPTIMIZATION_LEVEL = "-Onone";
				SWIFT_VERSION = 4.0;
				TARGETED_DEVICE_FAMILY = "1,2";
				VERSIONING_SYSTEM = "apple-generic";
				VERSION_INFO_PREFIX = "";
			};
			name = Debug;
		};
		ADDAD36D21048E0100B1153E /* Release */ = {
			isa = XCBuildConfiguration;
			buildSettings = {
				CLANG_ENABLE_MODULES = YES;
				CODE_SIGN_IDENTITY = "";
				CODE_SIGN_STYLE = Automatic;
				CURRENT_PROJECT_VERSION = 1;
				DEFINES_MODULE = YES;
				DEVELOPMENT_TEAM = K84E4S7G4C;
				DYLIB_COMPATIBILITY_VERSION = 1;
				DYLIB_CURRENT_VERSION = 1;
				DYLIB_INSTALL_NAME_BASE = "@rpath";
				INFOPLIST_FILE = TimetableView/Info.plist;
				INSTALL_PATH = "$(LOCAL_LIBRARY_DIR)/Frameworks";
				IPHONEOS_DEPLOYMENT_TARGET = 9.0;
				LD_RUNPATH_SEARCH_PATHS = (
					"$(inherited)",
					"@executable_path/Frameworks",
					"@loader_path/Frameworks",
				);
				PRODUCT_BUNDLE_IDENTIFIER = me.fromkk.TimetableView;
				PRODUCT_NAME = "$(TARGET_NAME:c99extidentifier)";
				SKIP_INSTALL = YES;
				SWIFT_VERSION = 4.0;
				TARGETED_DEVICE_FAMILY = "1,2";
				VERSIONING_SYSTEM = "apple-generic";
				VERSION_INFO_PREFIX = "";
			};
			name = Release;
		};
		ADDAD36F21048E0100B1153E /* Debug */ = {
			isa = XCBuildConfiguration;
			buildSettings = {
				ALWAYS_EMBED_SWIFT_STANDARD_LIBRARIES = YES;
				CODE_SIGN_STYLE = Automatic;
				DEVELOPMENT_TEAM = K84E4S7G4C;
				INFOPLIST_FILE = TimetableViewTests/Info.plist;
				LD_RUNPATH_SEARCH_PATHS = (
					"$(inherited)",
					"@executable_path/Frameworks",
					"@loader_path/Frameworks",
				);
				PRODUCT_BUNDLE_IDENTIFIER = me.fromkk.TimetableViewTests;
				PRODUCT_NAME = "$(TARGET_NAME)";
				SWIFT_VERSION = 4.0;
				TARGETED_DEVICE_FAMILY = "1,2";
				TEST_HOST = "$(BUILT_PRODUCTS_DIR)/iOSDCRC.app/iOSDCRC";
			};
			name = Debug;
		};
		ADDAD37021048E0100B1153E /* Release */ = {
			isa = XCBuildConfiguration;
			buildSettings = {
				ALWAYS_EMBED_SWIFT_STANDARD_LIBRARIES = YES;
				CODE_SIGN_STYLE = Automatic;
				DEVELOPMENT_TEAM = K84E4S7G4C;
				INFOPLIST_FILE = TimetableViewTests/Info.plist;
				LD_RUNPATH_SEARCH_PATHS = (
					"$(inherited)",
					"@executable_path/Frameworks",
					"@loader_path/Frameworks",
				);
				PRODUCT_BUNDLE_IDENTIFIER = me.fromkk.TimetableViewTests;
				PRODUCT_NAME = "$(TARGET_NAME)";
				SWIFT_VERSION = 4.0;
				TARGETED_DEVICE_FAMILY = "1,2";
				TEST_HOST = "$(BUILT_PRODUCTS_DIR)/iOSDCRC.app/iOSDCRC";
			};
			name = Release;
		};
/* End XCBuildConfiguration section */

/* Begin XCConfigurationList section */
		AD5CBE8C2104195E00F32701 /* Build configuration list for PBXProject "iOSDCRC" */ = {
			isa = XCConfigurationList;
			buildConfigurations = (
				AD5CBEB72104196200F32701 /* Debug */,
				AD5CBEB82104196200F32701 /* Release */,
			);
			defaultConfigurationIsVisible = 0;
			defaultConfigurationName = Release;
		};
		AD5CBEB92104196200F32701 /* Build configuration list for PBXNativeTarget "iOSDCRC" */ = {
			isa = XCConfigurationList;
			buildConfigurations = (
				AD5CBEBA2104196200F32701 /* Debug */,
				AD5CBEBB2104196200F32701 /* Release */,
			);
			defaultConfigurationIsVisible = 0;
			defaultConfigurationName = Release;
		};
		AD5CBEBC2104196200F32701 /* Build configuration list for PBXNativeTarget "iOSDCRCTests" */ = {
			isa = XCConfigurationList;
			buildConfigurations = (
				AD5CBEBD2104196200F32701 /* Debug */,
				AD5CBEBE2104196200F32701 /* Release */,
			);
			defaultConfigurationIsVisible = 0;
			defaultConfigurationName = Release;
		};
		AD5CBEBF2104196200F32701 /* Build configuration list for PBXNativeTarget "iOSDCRCUITests" */ = {
			isa = XCConfigurationList;
			buildConfigurations = (
				AD5CBEC02104196200F32701 /* Debug */,
				AD5CBEC12104196200F32701 /* Release */,
			);
			defaultConfigurationIsVisible = 0;
			defaultConfigurationName = Release;
		};
		AD5CBEE92104431A00F32701 /* Build configuration list for PBXNativeTarget "API" */ = {
			isa = XCConfigurationList;
			buildConfigurations = (
				AD5CBEEA2104431A00F32701 /* Debug */,
				AD5CBEEB2104431A00F32701 /* Release */,
			);
			defaultConfigurationIsVisible = 0;
			defaultConfigurationName = Release;
		};
		AD5CBEEC2104431A00F32701 /* Build configuration list for PBXNativeTarget "APITests" */ = {
			isa = XCConfigurationList;
			buildConfigurations = (
				AD5CBEED2104431A00F32701 /* Debug */,
				AD5CBEEE2104431A00F32701 /* Release */,
			);
			defaultConfigurationIsVisible = 0;
			defaultConfigurationName = Release;
		};
		ADDAD36B21048E0100B1153E /* Build configuration list for PBXNativeTarget "TimetableView" */ = {
			isa = XCConfigurationList;
			buildConfigurations = (
				ADDAD36C21048E0100B1153E /* Debug */,
				ADDAD36D21048E0100B1153E /* Release */,
			);
			defaultConfigurationIsVisible = 0;
			defaultConfigurationName = Release;
		};
		ADDAD36E21048E0100B1153E /* Build configuration list for PBXNativeTarget "TimetableViewTests" */ = {
			isa = XCConfigurationList;
			buildConfigurations = (
				ADDAD36F21048E0100B1153E /* Debug */,
				ADDAD37021048E0100B1153E /* Release */,
			);
			defaultConfigurationIsVisible = 0;
			defaultConfigurationName = Release;
		};
/* End XCConfigurationList section */
	};
	rootObject = AD5CBE892104195E00F32701 /* Project object */;
}
